// !$*UTF8*$!
{
	archiveVersion = 1;
	classes = {
	};
	objectVersion = 50;
	objects = {

/* Begin PBXBuildFile section */
		3AAB1AFB25C2415400BAC80D /* AppDelegate.swift in Sources */ = {isa = PBXBuildFile; fileRef = 3AAB1AFA25C2415400BAC80D /* AppDelegate.swift */; };
		3AAB1AFD25C2415400BAC80D /* SceneDelegate.swift in Sources */ = {isa = PBXBuildFile; fileRef = 3AAB1AFC25C2415400BAC80D /* SceneDelegate.swift */; };
		3AAB1AFF25C2415400BAC80D /* ViewController.swift in Sources */ = {isa = PBXBuildFile; fileRef = 3AAB1AFE25C2415400BAC80D /* ViewController.swift */; };
		3AAB1B0225C2415400BAC80D /* Main.storyboard in Resources */ = {isa = PBXBuildFile; fileRef = 3AAB1B0025C2415400BAC80D /* Main.storyboard */; };
		3AAB1B0425C2415600BAC80D /* Assets.xcassets in Resources */ = {isa = PBXBuildFile; fileRef = 3AAB1B0325C2415600BAC80D /* Assets.xcassets */; };
		3AAB1B0725C2415600BAC80D /* LaunchScreen.storyboard in Resources */ = {isa = PBXBuildFile; fileRef = 3AAB1B0525C2415600BAC80D /* LaunchScreen.storyboard */; };
		3AAB1B1425C241DB00BAC80D /* CSButton.swift in Sources */ = {isa = PBXBuildFile; fileRef = 3AAB1B1325C241DB00BAC80D /* CSButton.swift */; };
/* End PBXBuildFile section */

/* Begin PBXFileReference section */
		3AAB1AF725C2415400BAC80D /* Chapter03-CSButton.app */ = {isa = PBXFileReference; explicitFileType = wrapper.application; includeInIndex = 0; path = "Chapter03-CSButton.app"; sourceTree = BUILT_PRODUCTS_DIR; };
		3AAB1AFA25C2415400BAC80D /* AppDelegate.swift */ = {isa = PBXFileReference; lastKnownFileType = sourcecode.swift; path = AppDelegate.swift; sourceTree = "<group>"; };
		3AAB1AFC25C2415400BAC80D /* SceneDelegate.swift */ = {isa = PBXFileReference; lastKnownFileType = sourcecode.swift; path = SceneDelegate.swift; sourceTree = "<group>"; };
		3AAB1AFE25C2415400BAC80D /* ViewController.swift */ = {isa = PBXFileReference; lastKnownFileType = sourcecode.swift; path = ViewController.swift; sourceTree = "<group>"; };
		3AAB1B0125C2415400BAC80D /* Base */ = {isa = PBXFileReference; lastKnownFileType = file.storyboard; name = Base; path = Base.lproj/Main.storyboard; sourceTree = "<group>"; };
		3AAB1B0325C2415600BAC80D /* Assets.xcassets */ = {isa = PBXFileReference; lastKnownFileType = folder.assetcatalog; path = Assets.xcassets; sourceTree = "<group>"; };
		3AAB1B0625C2415600BAC80D /* Base */ = {isa = PBXFileReference; lastKnownFileType = file.storyboard; name = Base; path = Base.lproj/LaunchScreen.storyboard; sourceTree = "<group>"; };
		3AAB1B0825C2415600BAC80D /* Info.plist */ = {isa = PBXFileReference; lastKnownFileType = text.plist.xml; path = Info.plist; sourceTree = "<group>"; };
		3AAB1B1325C241DB00BAC80D /* CSButton.swift */ = {isa = PBXFileReference; lastKnownFileType = sourcecode.swift; path = CSButton.swift; sourceTree = "<group>"; };
/* End PBXFileReference section */

/* Begin PBXFrameworksBuildPhase section */
		3AAB1AF425C2415400BAC80D /* Frameworks */ = {
			isa = PBXFrameworksBuildPhase;
			buildActionMask = 2147483647;
			files = (
			);
			runOnlyForDeploymentPostprocessing = 0;
		};
/* End PBXFrameworksBuildPhase section */

/* Begin PBXGroup section */
		3AAB1AEE25C2415400BAC80D = {
			isa = PBXGroup;
			children = (
				3AAB1AF925C2415400BAC80D /* Chapter03-CSButton */,
				3AAB1AF825C2415400BAC80D /* Products */,
			);
			sourceTree = "<group>";
		};
		3AAB1AF825C2415400BAC80D /* Products */ = {
			isa = PBXGroup;
			children = (
				3AAB1AF725C2415400BAC80D /* Chapter03-CSButton.app */,
			);
			name = Products;
			sourceTree = "<group>";
		};
		3AAB1AF925C2415400BAC80D /* Chapter03-CSButton */ = {
			isa = PBXGroup;
			children = (
				3AAB1AFA25C2415400BAC80D /* AppDelegate.swift */,
				3AAB1AFC25C2415400BAC80D /* SceneDelegate.swift */,
				3AAB1AFE25C2415400BAC80D /* ViewController.swift */,
				3AAB1B0025C2415400BAC80D /* Main.storyboard */,
				3AAB1B0325C2415600BAC80D /* Assets.xcassets */,
				3AAB1B0525C2415600BAC80D /* LaunchScreen.storyboard */,
				3AAB1B0825C2415600BAC80D /* Info.plist */,
				3AAB1B1325C241DB00BAC80D /* CSButton.swift */,
			);
			path = "Chapter03-CSButton";
			sourceTree = "<group>";
		};
/* End PBXGroup section */

/* Begin PBXNativeTarget section */
		3AAB1AF625C2415400BAC80D /* Chapter03-CSButton */ = {
			isa = PBXNativeTarget;
			buildConfigurationList = 3AAB1B0B25C2415600BAC80D /* Build configuration list for PBXNativeTarget "Chapter03-CSButton" */;
			buildPhases = (
				3AAB1AF325C2415400BAC80D /* Sources */,
				3AAB1AF425C2415400BAC80D /* Frameworks */,
				3AAB1AF525C2415400BAC80D /* Resources */,
			);
			buildRules = (
			);
			dependencies = (
			);
			name = "Chapter03-CSButton";
			productName = "Chapter03-CSButton";
			productReference = 3AAB1AF725C2415400BAC80D /* Chapter03-CSButton.app */;
			productType = "com.apple.product-type.application";
		};
/* End PBXNativeTarget section */

/* Begin PBXProject section */
		3AAB1AEF25C2415400BAC80D /* Project object */ = {
			isa = PBXProject;
			attributes = {
				LastSwiftUpdateCheck = 1220;
				LastUpgradeCheck = 1220;
				TargetAttributes = {
					3AAB1AF625C2415400BAC80D = {
						CreatedOnToolsVersion = 12.2;
					};
				};
			};
			buildConfigurationList = 3AAB1AF225C2415400BAC80D /* Build configuration list for PBXProject "Chapter03-CSButton" */;
			compatibilityVersion = "Xcode 9.3";
			developmentRegion = en;
			hasScannedForEncodings = 0;
			knownRegions = (
				en,
				Base,
			);
			mainGroup = 3AAB1AEE25C2415400BAC80D;
			productRefGroup = 3AAB1AF825C2415400BAC80D /* Products */;
			projectDirPath = "";
			projectRoot = "";
			targets = (
				3AAB1AF625C2415400BAC80D /* Chapter03-CSButton */,
			);
		};
/* End PBXProject section */

/* Begin PBXResourcesBuildPhase section */
		3AAB1AF525C2415400BAC80D /* Resources */ = {
			isa = PBXResourcesBuildPhase;
			buildActionMask = 2147483647;
			files = (
				3AAB1B0725C2415600BAC80D /* LaunchScreen.storyboard in Resources */,
				3AAB1B0425C2415600BAC80D /* Assets.xcassets in Resources */,
				3AAB1B0225C2415400BAC80D /* Main.storyboard in Resources */,
			);
			runOnlyForDeploymentPostprocessing = 0;
		};
/* End PBXResourcesBuildPhase section */

/* Begin PBXSourcesBuildPhase section */
		3AAB1AF325C2415400BAC80D /* Sources */ = {
			isa = PBXSourcesBuildPhase;
			buildActionMask = 2147483647;
			files = (
				3AAB1AFF25C2415400BAC80D /* ViewController.swift in Sources */,
				3AAB1B1425C241DB00BAC80D /* CSButton.swift in Sources */,
				3AAB1AFB25C2415400BAC80D /* AppDelegate.swift in Sources */,
				3AAB1AFD25C2415400BAC80D /* SceneDelegate.swift in Sources */,
			);
			runOnlyForDeploymentPostprocessing = 0;
		};
/* End PBXSourcesBuildPhase section */

/* Begin PBXVariantGroup section */
		3AAB1B0025C2415400BAC80D /* Main.storyboard */ = {
			isa = PBXVariantGroup;
			children = (
				3AAB1B0125C2415400BAC80D /* Base */,
			);
			name = Main.storyboard;
			sourceTree = "<group>";
		};
		3AAB1B0525C2415600BAC80D /* LaunchScreen.storyboard */ = {
			isa = PBXVariantGroup;
			children = (
				3AAB1B0625C2415600BAC80D /* Base */,
			);
			name = LaunchScreen.storyboard;
			sourceTree = "<group>";
		};
/* End PBXVariantGroup section */

/* Begin XCBuildConfiguration section */
		3AAB1B0925C2415600BAC80D /* Debug */ = {
			isa = XCBuildConfiguration;
			buildSettings = {
				ALWAYS_SEARCH_USER_PATHS = NO;
				CLANG_ANALYZER_NONNULL = YES;
				CLANG_ANALYZER_NUMBER_OBJECT_CONVERSION = YES_AGGRESSIVE;
				CLANG_CXX_LANGUAGE_STANDARD = "gnu++14";
				CLANG_CXX_LIBRARY = "libc++";
				CLANG_ENABLE_MODULES = YES;
				CLANG_ENABLE_OBJC_ARC = YES;
				CLANG_ENABLE_OBJC_WEAK = YES;
				CLANG_WARN_BLOCK_CAPTURE_AUTORELEASING = YES;
				CLANG_WARN_BOOL_CONVERSION = YES;
				CLANG_WARN_COMMA = YES;
				CLANG_WARN_CONSTANT_CONVERSION = YES;
				CLANG_WARN_DEPRECATED_OBJC_IMPLEMENTATIONS = YES;
				CLANG_WARN_DIRECT_OBJC_ISA_USAGE = YES_ERROR;
				CLANG_WARN_DOCUMENTATION_COMMENTS = YES;
				CLANG_WARN_EMPTY_BODY = YES;
				CLANG_WARN_ENUM_CONVERSION = YES;
				CLANG_WARN_INFINITE_RECURSION = YES;
				CLANG_WARN_INT_CONVERSION = YES;
				CLANG_WARN_NON_LITERAL_NULL_CONVERSION = YES;
				CLANG_WARN_OBJC_IMPLICIT_RETAIN_SELF = YES;
				CLANG_WARN_OBJC_LITERAL_CONVERSION = YES;
				CLANG_WARN_OBJC_ROOT_CLASS = YES_ERROR;
				CLANG_WARN_QUOTED_INCLUDE_IN_FRAMEWORK_HEADER = YES;
				CLANG_WARN_RANGE_LOOP_ANALYSIS = YES;
				CLANG_WARN_STRICT_PROTOTYPES = YES;
				CLANG_WARN_SUSPICIOUS_MOVE = YES;
				CLANG_WARN_UNGUARDED_AVAILABILITY = YES_AGGRESSIVE;
				CLANG_WARN_UNREACHABLE_CODE = YES;
				CLANG_WARN__DUPLICATE_METHOD_MATCH = YES;
				COPY_PHASE_STRIP = NO;
				DEBUG_INFORMATION_FORMAT = dwarf;
				ENABLE_STRICT_OBJC_MSGSEND = YES;
				ENABLE_TESTABILITY = YES;
				GCC_C_LANGUAGE_STANDARD = gnu11;
				GCC_DYNAMIC_NO_PIC = NO;
				GCC_NO_COMMON_BLOCKS = YES;
				GCC_OPTIMIZATION_LEVEL = 0;
				GCC_PREPROCESSOR_DEFINITIONS = (
					"DEBUG=1",
					"$(inherited)",
				);
				GCC_WARN_64_TO_32_BIT_CONVERSION = YES;
				GCC_WARN_ABOUT_RETURN_TYPE = YES_ERROR;
				GCC_WARN_UNDECLARED_SELECTOR = YES;
				GCC_WARN_UNINITIALIZED_AUTOS = YES_AGGRESSIVE;
				GCC_WARN_UNUSED_FUNCTION = YES;
				GCC_WARN_UNUSED_VARIABLE = YES;
				IPHONEOS_DEPLOYMENT_TARGET = 14.2;
				MTL_ENABLE_DEBUG_INFO = INCLUDE_SOURCE;
				MTL_FAST_MATH = YES;
				ONLY_ACTIVE_ARCH = YES;
				SDKROOT = iphoneos;
				SWIFT_ACTIVE_COMPILATION_CONDITIONS = DEBUG;
				SWIFT_OPTIMIZATION_LEVEL = "-Onone";
			};
			name = Debug;
		};
		3AAB1B0A25C2415600BAC80D /* Release */ = {
			isa = XCBuildConfiguration;
			buildSettings = {
				ALWAYS_SEARCH_USER_PATHS = NO;
				CLANG_ANALYZER_NONNULL = YES;
				CLANG_ANALYZER_NUMBER_OBJECT_CONVERSION = YES_AGGRESSIVE;
				CLANG_CXX_LANGUAGE_STANDARD = "gnu++14";
				CLANG_CXX_LIBRARY = "libc++";
				CLANG_ENABLE_MODULES = YES;
				CLANG_ENABLE_OBJC_ARC = YES;
				CLANG_ENABLE_OBJC_WEAK = YES;
				CLANG_WARN_BLOCK_CAPTURE_AUTORELEASING = YES;
				CLANG_WARN_BOOL_CONVERSION = YES;
				CLANG_WARN_COMMA = YES;
				CLANG_WARN_CONSTANT_CONVERSION = YES;
				CLANG_WARN_DEPRECATED_OBJC_IMPLEMENTATIONS = YES;
				CLANG_WARN_DIRECT_OBJC_ISA_USAGE = YES_ERROR;
				CLANG_WARN_DOCUMENTATION_COMMENTS = YES;
				CLANG_WARN_EMPTY_BODY = YES;
				CLANG_WARN_ENUM_CONVERSION = YES;
				CLANG_WARN_INFINITE_RECURSION = YES;
				CLANG_WARN_INT_CONVERSION = YES;
				CLANG_WARN_NON_LITERAL_NULL_CONVERSION = YES;
				CLANG_WARN_OBJC_IMPLICIT_RETAIN_SELF = YES;
				CLANG_WARN_OBJC_LITERAL_CONVERSION = YES;
				CLANG_WARN_OBJC_ROOT_CLASS = YES_ERROR;
				CLANG_WARN_QUOTED_INCLUDE_IN_FRAMEWORK_HEADER = YES;
				CLANG_WARN_RANGE_LOOP_ANALYSIS = YES;
				CLANG_WARN_STRICT_PROTOTYPES = YES;
				CLANG_WARN_SUSPICIOUS_MOVE = YES;
				CLANG_WARN_UNGUARDED_AVAILABILITY = YES_AGGRESSIVE;
				CLANG_WARN_UNREACHABLE_CODE = YES;
				CLANG_WARN__DUPLICATE_METHOD_MATCH = YES;
				COPY_PHASE_STRIP = NO;
				DEBUG_INFORMATION_FORMAT = "dwarf-with-dsym";
				ENABLE_NS_ASSERTIONS = NO;
				ENABLE_STRICT_OBJC_MSGSEND = YES;
				GCC_C_LANGUAGE_STANDARD = gnu11;
				GCC_NO_COMMON_BLOCKS = YES;
				GCC_WARN_64_TO_32_BIT_CONVERSION = YES;
				GCC_WARN_ABOUT_RETURN_TYPE = YES_ERROR;
				GCC_WARN_UNDECLARED_SELECTOR = YES;
				GCC_WARN_UNINITIALIZED_AUTOS = YES_AGGRESSIVE;
				GCC_WARN_UNUSED_FUNCTION = YES;
				GCC_WARN_UNUSED_VARIABLE = YES;
				IPHONEOS_DEPLOYMENT_TARGET = 14.2;
				MTL_ENABLE_DEBUG_INFO = NO;
				MTL_FAST_MATH = YES;
				SDKROOT = iphoneos;
				SWIFT_COMPILATION_MODE = wholemodule;
				SWIFT_OPTIMIZATION_LEVEL = "-O";
				VALIDATE_PRODUCT = YES;
			};
			name = Release;
		};
		3AAB1B0C25C2415600BAC80D /* Debug */ = {
			isa = XCBuildConfiguration;
			buildSettings = {
				ASSETCATALOG_COMPILER_APPICON_NAME = AppIcon;
				ASSETCATALOG_COMPILER_GLOBAL_ACCENT_COLOR_NAME = AccentColor;
				CODE_SIGN_STYLE = Automatic;
				DEVELOPMENT_TEAM = FP8CB3BY93;
				INFOPLIST_FILE = "Chapter03-CSButton/Info.plist";
				LD_RUNPATH_SEARCH_PATHS = (
					"$(inherited)",
					"@executable_path/Frameworks",
				);
				PRODUCT_BUNDLE_IDENTIFIER = "kr.velmash.Chapter03-CSButton";
				PRODUCT_NAME = "$(TARGET_NAME)";
				SWIFT_VERSION = 5.0;
				TARGETED_DEVICE_FAMILY = "1,2";
			};
			name = Debug;
		};
		3AAB1B0D25C2415600BAC80D /* Release */ = {
			isa = XCBuildConfiguration;
			buildSettings = {
				ASSETCATALOG_COMPILER_APPICON_NAME = AppIcon;
				ASSETCATALOG_COMPILER_GLOBAL_ACCENT_COLOR_NAME = AccentColor;
				CODE_SIGN_STYLE = Automatic;
				DEVELOPMENT_TEAM = FP8CB3BY93;
				INFOPLIST_FILE = "Chapter03-CSButton/Info.plist";
				LD_RUNPATH_SEARCH_PATHS = (
					"$(inherited)",
					"@executable_path/Frameworks",
				);
				PRODUCT_BUNDLE_IDENTIFIER = "kr.velmash.Chapter03-CSButton";
				PRODUCT_NAME = "$(TARGET_NAME)";
				SWIFT_VERSION = 5.0;
				TARGETED_DEVICE_FAMILY = "1,2";
			};
			name = Release;
		};
/* End XCBuildConfiguration section */

/* Begin XCConfigurationList section */
		3AAB1AF225C2415400BAC80D /* Build configuration list for PBXProject "Chapter03-CSButton" */ = {
			isa = XCConfigurationList;
			buildConfigurations = (
				3AAB1B0925C2415600BAC80D /* Debug */,
				3AAB1B0A25C2415600BAC80D /* Release */,
			);
			defaultConfigurationIsVisible = 0;
			defaultConfigurationName = Release;
		};
		3AAB1B0B25C2415600BAC80D /* Build configuration list for PBXNativeTarget "Chapter03-CSButton" */ = {
			isa = XCConfigurationList;
			buildConfigurations = (
				3AAB1B0C25C2415600BAC80D /* Debug */,
				3AAB1B0D25C2415600BAC80D /* Release */,
			);
			defaultConfigurationIsVisible = 0;
			defaultConfigurationName = Release;
		};
/* End XCConfigurationList section */
	};
	rootObject = 3AAB1AEF25C2415400BAC80D /* Project object */;
}
