// !$*UTF8*$!
{
	archiveVersion = 1;
	classes = {
	};
	objectVersion = 50;
	objects = {

/* Begin PBXBuildFile section */
		3ACB5A1325C11EC400984927 /* AppDelegate.swift in Sources */ = {isa = PBXBuildFile; fileRef = 3ACB5A1225C11EC400984927 /* AppDelegate.swift */; };
		3ACB5A1525C11EC400984927 /* SceneDelegate.swift in Sources */ = {isa = PBXBuildFile; fileRef = 3ACB5A1425C11EC400984927 /* SceneDelegate.swift */; };
		3ACB5A1725C11EC400984927 /* ViewController.swift in Sources */ = {isa = PBXBuildFile; fileRef = 3ACB5A1625C11EC400984927 /* ViewController.swift */; };
		3ACB5A1A25C11EC400984927 /* Main.storyboard in Resources */ = {isa = PBXBuildFile; fileRef = 3ACB5A1825C11EC400984927 /* Main.storyboard */; };
		3ACB5A1C25C11EC800984927 /* Assets.xcassets in Resources */ = {isa = PBXBuildFile; fileRef = 3ACB5A1B25C11EC800984927 /* Assets.xcassets */; };
		3ACB5A1F25C11EC800984927 /* LaunchScreen.storyboard in Resources */ = {isa = PBXBuildFile; fileRef = 3ACB5A1D25C11EC800984927 /* LaunchScreen.storyboard */; };
		3ACB5A2B25C1226000984927 /* more@2x.png in Resources */ = {isa = PBXBuildFile; fileRef = 3ACB5A2825C1226000984927 /* more@2x.png */; };
		3ACB5A2C25C1226000984927 /* swift_logo@3x.png in Resources */ = {isa = PBXBuildFile; fileRef = 3ACB5A2925C1226000984927 /* swift_logo@3x.png */; };
		3ACB5A2D25C1226000984927 /* arrow-back@2x.png in Resources */ = {isa = PBXBuildFile; fileRef = 3ACB5A2A25C1226000984927 /* arrow-back@2x.png */; };
/* End PBXBuildFile section */

/* Begin PBXFileReference section */
		3ACB5A0F25C11EC400984927 /* Chapter03-NavigationBar.app */ = {isa = PBXFileReference; explicitFileType = wrapper.application; includeInIndex = 0; path = "Chapter03-NavigationBar.app"; sourceTree = BUILT_PRODUCTS_DIR; };
		3ACB5A1225C11EC400984927 /* AppDelegate.swift */ = {isa = PBXFileReference; lastKnownFileType = sourcecode.swift; path = AppDelegate.swift; sourceTree = "<group>"; };
		3ACB5A1425C11EC400984927 /* SceneDelegate.swift */ = {isa = PBXFileReference; lastKnownFileType = sourcecode.swift; path = SceneDelegate.swift; sourceTree = "<group>"; };
		3ACB5A1625C11EC400984927 /* ViewController.swift */ = {isa = PBXFileReference; lastKnownFileType = sourcecode.swift; path = ViewController.swift; sourceTree = "<group>"; };
		3ACB5A1925C11EC400984927 /* Base */ = {isa = PBXFileReference; lastKnownFileType = file.storyboard; name = Base; path = Base.lproj/Main.storyboard; sourceTree = "<group>"; };
		3ACB5A1B25C11EC800984927 /* Assets.xcassets */ = {isa = PBXFileReference; lastKnownFileType = folder.assetcatalog; path = Assets.xcassets; sourceTree = "<group>"; };
		3ACB5A1E25C11EC800984927 /* Base */ = {isa = PBXFileReference; lastKnownFileType = file.storyboard; name = Base; path = Base.lproj/LaunchScreen.storyboard; sourceTree = "<group>"; };
		3ACB5A2025C11EC800984927 /* Info.plist */ = {isa = PBXFileReference; lastKnownFileType = text.plist.xml; path = Info.plist; sourceTree = "<group>"; };
		3ACB5A2825C1226000984927 /* more@2x.png */ = {isa = PBXFileReference; lastKnownFileType = image.png; path = "more@2x.png"; sourceTree = "<group>"; };
		3ACB5A2925C1226000984927 /* swift_logo@3x.png */ = {isa = PBXFileReference; lastKnownFileType = image.png; path = "swift_logo@3x.png"; sourceTree = "<group>"; };
		3ACB5A2A25C1226000984927 /* arrow-back@2x.png */ = {isa = PBXFileReference; lastKnownFileType = image.png; path = "arrow-back@2x.png"; sourceTree = "<group>"; };
/* End PBXFileReference section */

/* Begin PBXFrameworksBuildPhase section */
		3ACB5A0C25C11EC400984927 /* Frameworks */ = {
			isa = PBXFrameworksBuildPhase;
			buildActionMask = 2147483647;
			files = (
			);
			runOnlyForDeploymentPostprocessing = 0;
		};
/* End PBXFrameworksBuildPhase section */

/* Begin PBXGroup section */
		3ACB5A0625C11EC400984927 = {
			isa = PBXGroup;
			children = (
				3ACB5A1125C11EC400984927 /* Chapter03-NavigationBar */,
				3ACB5A1025C11EC400984927 /* Products */,
			);
			sourceTree = "<group>";
		};
		3ACB5A1025C11EC400984927 /* Products */ = {
			isa = PBXGroup;
			children = (
				3ACB5A0F25C11EC400984927 /* Chapter03-NavigationBar.app */,
			);
			name = Products;
			sourceTree = "<group>";
		};
		3ACB5A1125C11EC400984927 /* Chapter03-NavigationBar */ = {
			isa = PBXGroup;
			children = (
				3ACB5A2725C1224400984927 /* Resources */,
				3ACB5A1225C11EC400984927 /* AppDelegate.swift */,
				3ACB5A1425C11EC400984927 /* SceneDelegate.swift */,
				3ACB5A1625C11EC400984927 /* ViewController.swift */,
				3ACB5A1825C11EC400984927 /* Main.storyboard */,
				3ACB5A1B25C11EC800984927 /* Assets.xcassets */,
				3ACB5A1D25C11EC800984927 /* LaunchScreen.storyboard */,
				3ACB5A2025C11EC800984927 /* Info.plist */,
			);
			path = "Chapter03-NavigationBar";
			sourceTree = "<group>";
		};
		3ACB5A2725C1224400984927 /* Resources */ = {
			isa = PBXGroup;
			children = (
				3ACB5A2A25C1226000984927 /* arrow-back@2x.png */,
				3ACB5A2825C1226000984927 /* more@2x.png */,
				3ACB5A2925C1226000984927 /* swift_logo@3x.png */,
			);
			path = Resources;
			sourceTree = "<group>";
		};
/* End PBXGroup section */

/* Begin PBXNativeTarget section */
		3ACB5A0E25C11EC400984927 /* Chapter03-NavigationBar */ = {
			isa = PBXNativeTarget;
			buildConfigurationList = 3ACB5A2325C11EC800984927 /* Build configuration list for PBXNativeTarget "Chapter03-NavigationBar" */;
			buildPhases = (
				3ACB5A0B25C11EC400984927 /* Sources */,
				3ACB5A0C25C11EC400984927 /* Frameworks */,
				3ACB5A0D25C11EC400984927 /* Resources */,
			);
			buildRules = (
			);
			dependencies = (
			);
			name = "Chapter03-NavigationBar";
			productName = "Chapter03-NavigationBar";
			productReference = 3ACB5A0F25C11EC400984927 /* Chapter03-NavigationBar.app */;
			productType = "com.apple.product-type.application";
		};
/* End PBXNativeTarget section */

/* Begin PBXProject section */
		3ACB5A0725C11EC400984927 /* Project object */ = {
			isa = PBXProject;
			attributes = {
				LastSwiftUpdateCheck = 1220;
				LastUpgradeCheck = 1220;
				TargetAttributes = {
					3ACB5A0E25C11EC400984927 = {
						CreatedOnToolsVersion = 12.2;
					};
				};
			};
			buildConfigurationList = 3ACB5A0A25C11EC400984927 /* Build configuration list for PBXProject "Chapter03-NavigationBar" */;
			compatibilityVersion = "Xcode 9.3";
			developmentRegion = en;
			hasScannedForEncodings = 0;
			knownRegions = (
				en,
				Base,
			);
			mainGroup = 3ACB5A0625C11EC400984927;
			productRefGroup = 3ACB5A1025C11EC400984927 /* Products */;
			projectDirPath = "";
			projectRoot = "";
			targets = (
				3ACB5A0E25C11EC400984927 /* Chapter03-NavigationBar */,
			);
		};
/* End PBXProject section */

/* Begin PBXResourcesBuildPhase section */
		3ACB5A0D25C11EC400984927 /* Resources */ = {
			isa = PBXResourcesBuildPhase;
			buildActionMask = 2147483647;
			files = (
				3ACB5A1F25C11EC800984927 /* LaunchScreen.storyboard in Resources */,
				3ACB5A1C25C11EC800984927 /* Assets.xcassets in Resources */,
				3ACB5A1A25C11EC400984927 /* Main.storyboard in Resources */,
				3ACB5A2C25C1226000984927 /* swift_logo@3x.png in Resources */,
				3ACB5A2B25C1226000984927 /* more@2x.png in Resources */,
				3ACB5A2D25C1226000984927 /* arrow-back@2x.png in Resources */,
			);
			runOnlyForDeploymentPostprocessing = 0;
		};
/* End PBXResourcesBuildPhase section */

/* Begin PBXSourcesBuildPhase section */
		3ACB5A0B25C11EC400984927 /* Sources */ = {
			isa = PBXSourcesBuildPhase;
			buildActionMask = 2147483647;
			files = (
				3ACB5A1725C11EC400984927 /* ViewController.swift in Sources */,
				3ACB5A1325C11EC400984927 /* AppDelegate.swift in Sources */,
				3ACB5A1525C11EC400984927 /* SceneDelegate.swift in Sources */,
			);
			runOnlyForDeploymentPostprocessing = 0;
		};
/* End PBXSourcesBuildPhase section */

/* Begin PBXVariantGroup section */
		3ACB5A1825C11EC400984927 /* Main.storyboard */ = {
			isa = PBXVariantGroup;
			children = (
				3ACB5A1925C11EC400984927 /* Base */,
			);
			name = Main.storyboard;
			sourceTree = "<group>";
		};
		3ACB5A1D25C11EC800984927 /* LaunchScreen.storyboard */ = {
			isa = PBXVariantGroup;
			children = (
				3ACB5A1E25C11EC800984927 /* Base */,
			);
			name = LaunchScreen.storyboard;
			sourceTree = "<group>";
		};
/* End PBXVariantGroup section */

/* Begin XCBuildConfiguration section */
		3ACB5A2125C11EC800984927 /* Debug */ = {
			isa = XCBuildConfiguration;
			buildSettings = {
				ALWAYS_SEARCH_USER_PATHS = NO;
				CLANG_ANALYZER_NONNULL = YES;
				CLANG_ANALYZER_NUMBER_OBJECT_CONVERSION = YES_AGGRESSIVE;
				CLANG_CXX_LANGUAGE_STANDARD = "gnu++14";
				CLANG_CXX_LIBRARY = "libc++";
				CLANG_ENABLE_MODULES = YES;
				CLANG_ENABLE_OBJC_ARC = YES;
				CLANG_ENABLE_OBJC_WEAK = YES;
				CLANG_WARN_BLOCK_CAPTURE_AUTORELEASING = YES;
				CLANG_WARN_BOOL_CONVERSION = YES;
				CLANG_WARN_COMMA = YES;
				CLANG_WARN_CONSTANT_CONVERSION = YES;
				CLANG_WARN_DEPRECATED_OBJC_IMPLEMENTATIONS = YES;
				CLANG_WARN_DIRECT_OBJC_ISA_USAGE = YES_ERROR;
				CLANG_WARN_DOCUMENTATION_COMMENTS = YES;
				CLANG_WARN_EMPTY_BODY = YES;
				CLANG_WARN_ENUM_CONVERSION = YES;
				CLANG_WARN_INFINITE_RECURSION = YES;
				CLANG_WARN_INT_CONVERSION = YES;
				CLANG_WARN_NON_LITERAL_NULL_CONVERSION = YES;
				CLANG_WARN_OBJC_IMPLICIT_RETAIN_SELF = YES;
				CLANG_WARN_OBJC_LITERAL_CONVERSION = YES;
				CLANG_WARN_OBJC_ROOT_CLASS = YES_ERROR;
				CLANG_WARN_QUOTED_INCLUDE_IN_FRAMEWORK_HEADER = YES;
				CLANG_WARN_RANGE_LOOP_ANALYSIS = YES;
				CLANG_WARN_STRICT_PROTOTYPES = YES;
				CLANG_WARN_SUSPICIOUS_MOVE = YES;
				CLANG_WARN_UNGUARDED_AVAILABILITY = YES_AGGRESSIVE;
				CLANG_WARN_UNREACHABLE_CODE = YES;
				CLANG_WARN__DUPLICATE_METHOD_MATCH = YES;
				COPY_PHASE_STRIP = NO;
				DEBUG_INFORMATION_FORMAT = dwarf;
				ENABLE_STRICT_OBJC_MSGSEND = YES;
				ENABLE_TESTABILITY = YES;
				GCC_C_LANGUAGE_STANDARD = gnu11;
				GCC_DYNAMIC_NO_PIC = NO;
				GCC_NO_COMMON_BLOCKS = YES;
				GCC_OPTIMIZATION_LEVEL = 0;
				GCC_PREPROCESSOR_DEFINITIONS = (
					"DEBUG=1",
					"$(inherited)",
				);
				GCC_WARN_64_TO_32_BIT_CONVERSION = YES;
				GCC_WARN_ABOUT_RETURN_TYPE = YES_ERROR;
				GCC_WARN_UNDECLARED_SELECTOR = YES;
				GCC_WARN_UNINITIALIZED_AUTOS = YES_AGGRESSIVE;
				GCC_WARN_UNUSED_FUNCTION = YES;
				GCC_WARN_UNUSED_VARIABLE = YES;
				IPHONEOS_DEPLOYMENT_TARGET = 14.2;
				MTL_ENABLE_DEBUG_INFO = INCLUDE_SOURCE;
				MTL_FAST_MATH = YES;
				ONLY_ACTIVE_ARCH = YES;
				SDKROOT = iphoneos;
				SWIFT_ACTIVE_COMPILATION_CONDITIONS = DEBUG;
				SWIFT_OPTIMIZATION_LEVEL = "-Onone";
			};
			name = Debug;
		};
		3ACB5A2225C11EC800984927 /* Release */ = {
			isa = XCBuildConfiguration;
			buildSettings = {
				ALWAYS_SEARCH_USER_PATHS = NO;
				CLANG_ANALYZER_NONNULL = YES;
				CLANG_ANALYZER_NUMBER_OBJECT_CONVERSION = YES_AGGRESSIVE;
				CLANG_CXX_LANGUAGE_STANDARD = "gnu++14";
				CLANG_CXX_LIBRARY = "libc++";
				CLANG_ENABLE_MODULES = YES;
				CLANG_ENABLE_OBJC_ARC = YES;
				CLANG_ENABLE_OBJC_WEAK = YES;
				CLANG_WARN_BLOCK_CAPTURE_AUTORELEASING = YES;
				CLANG_WARN_BOOL_CONVERSION = YES;
				CLANG_WARN_COMMA = YES;
				CLANG_WARN_CONSTANT_CONVERSION = YES;
				CLANG_WARN_DEPRECATED_OBJC_IMPLEMENTATIONS = YES;
				CLANG_WARN_DIRECT_OBJC_ISA_USAGE = YES_ERROR;
				CLANG_WARN_DOCUMENTATION_COMMENTS = YES;
				CLANG_WARN_EMPTY_BODY = YES;
				CLANG_WARN_ENUM_CONVERSION = YES;
				CLANG_WARN_INFINITE_RECURSION = YES;
				CLANG_WARN_INT_CONVERSION = YES;
				CLANG_WARN_NON_LITERAL_NULL_CONVERSION = YES;
				CLANG_WARN_OBJC_IMPLICIT_RETAIN_SELF = YES;
				CLANG_WARN_OBJC_LITERAL_CONVERSION = YES;
				CLANG_WARN_OBJC_ROOT_CLASS = YES_ERROR;
				CLANG_WARN_QUOTED_INCLUDE_IN_FRAMEWORK_HEADER = YES;
				CLANG_WARN_RANGE_LOOP_ANALYSIS = YES;
				CLANG_WARN_STRICT_PROTOTYPES = YES;
				CLANG_WARN_SUSPICIOUS_MOVE = YES;
				CLANG_WARN_UNGUARDED_AVAILABILITY = YES_AGGRESSIVE;
				CLANG_WARN_UNREACHABLE_CODE = YES;
				CLANG_WARN__DUPLICATE_METHOD_MATCH = YES;
				COPY_PHASE_STRIP = NO;
				DEBUG_INFORMATION_FORMAT = "dwarf-with-dsym";
				ENABLE_NS_ASSERTIONS = NO;
				ENABLE_STRICT_OBJC_MSGSEND = YES;
				GCC_C_LANGUAGE_STANDARD = gnu11;
				GCC_NO_COMMON_BLOCKS = YES;
				GCC_WARN_64_TO_32_BIT_CONVERSION = YES;
				GCC_WARN_ABOUT_RETURN_TYPE = YES_ERROR;
				GCC_WARN_UNDECLARED_SELECTOR = YES;
				GCC_WARN_UNINITIALIZED_AUTOS = YES_AGGRESSIVE;
				GCC_WARN_UNUSED_FUNCTION = YES;
				GCC_WARN_UNUSED_VARIABLE = YES;
				IPHONEOS_DEPLOYMENT_TARGET = 14.2;
				MTL_ENABLE_DEBUG_INFO = NO;
				MTL_FAST_MATH = YES;
				SDKROOT = iphoneos;
				SWIFT_COMPILATION_MODE = wholemodule;
				SWIFT_OPTIMIZATION_LEVEL = "-O";
				VALIDATE_PRODUCT = YES;
			};
			name = Release;
		};
		3ACB5A2425C11EC800984927 /* Debug */ = {
			isa = XCBuildConfiguration;
			buildSettings = {
				ASSETCATALOG_COMPILER_APPICON_NAME = AppIcon;
				ASSETCATALOG_COMPILER_GLOBAL_ACCENT_COLOR_NAME = AccentColor;
				CODE_SIGN_STYLE = Automatic;
				DEVELOPMENT_TEAM = FP8CB3BY93;
				INFOPLIST_FILE = "Chapter03-NavigationBar/Info.plist";
				LD_RUNPATH_SEARCH_PATHS = (
					"$(inherited)",
					"@executable_path/Frameworks",
				);
				PRODUCT_BUNDLE_IDENTIFIER = "kr.velmash.Chapter03-NavigationBar";
				PRODUCT_NAME = "$(TARGET_NAME)";
				SWIFT_VERSION = 5.0;
				TARGETED_DEVICE_FAMILY = "1,2";
			};
			name = Debug;
		};
		3ACB5A2525C11EC800984927 /* Release */ = {
			isa = XCBuildConfiguration;
			buildSettings = {
				ASSETCATALOG_COMPILER_APPICON_NAME = AppIcon;
				ASSETCATALOG_COMPILER_GLOBAL_ACCENT_COLOR_NAME = AccentColor;
				CODE_SIGN_STYLE = Automatic;
				DEVELOPMENT_TEAM = FP8CB3BY93;
				INFOPLIST_FILE = "Chapter03-NavigationBar/Info.plist";
				LD_RUNPATH_SEARCH_PATHS = (
					"$(inherited)",
					"@executable_path/Frameworks",
				);
				PRODUCT_BUNDLE_IDENTIFIER = "kr.velmash.Chapter03-NavigationBar";
				PRODUCT_NAME = "$(TARGET_NAME)";
				SWIFT_VERSION = 5.0;
				TARGETED_DEVICE_FAMILY = "1,2";
			};
			name = Release;
		};
/* End XCBuildConfiguration section */

/* Begin XCConfigurationList section */
		3ACB5A0A25C11EC400984927 /* Build configuration list for PBXProject "Chapter03-NavigationBar" */ = {
			isa = XCConfigurationList;
			buildConfigurations = (
				3ACB5A2125C11EC800984927 /* Debug */,
				3ACB5A2225C11EC800984927 /* Release */,
			);
			defaultConfigurationIsVisible = 0;
			defaultConfigurationName = Release;
		};
		3ACB5A2325C11EC800984927 /* Build configuration list for PBXNativeTarget "Chapter03-NavigationBar" */ = {
			isa = XCConfigurationList;
			buildConfigurations = (
				3ACB5A2425C11EC800984927 /* Debug */,
				3ACB5A2525C11EC800984927 /* Release */,
			);
			defaultConfigurationIsVisible = 0;
			defaultConfigurationName = Release;
		};
/* End XCConfigurationList section */
	};
	rootObject = 3ACB5A0725C11EC400984927 /* Project object */;
}
