// !$*UTF8*$!
{
	archiveVersion = 1;
	classes = {
	};
	objectVersion = 50;
	objects = {

/* Begin PBXBuildFile section */
		3A8E369425C1414800A3C13A /* ControlViewController.swift in Sources */ = {isa = PBXBuildFile; fileRef = 3A8E369325C1414800A3C13A /* ControlViewController.swift */; };
		3A8E369725C1447500A3C13A /* ListViewController.swift in Sources */ = {isa = PBXBuildFile; fileRef = 3A8E369625C1447500A3C13A /* ListViewController.swift */; };
		3ACB5A3C25C12E3D00984927 /* AppDelegate.swift in Sources */ = {isa = PBXBuildFile; fileRef = 3ACB5A3B25C12E3D00984927 /* AppDelegate.swift */; };
		3ACB5A3E25C12E3D00984927 /* SceneDelegate.swift in Sources */ = {isa = PBXBuildFile; fileRef = 3ACB5A3D25C12E3D00984927 /* SceneDelegate.swift */; };
		3ACB5A4025C12E3D00984927 /* ViewController.swift in Sources */ = {isa = PBXBuildFile; fileRef = 3ACB5A3F25C12E3D00984927 /* ViewController.swift */; };
		3ACB5A4325C12E3D00984927 /* Main.storyboard in Resources */ = {isa = PBXBuildFile; fileRef = 3ACB5A4125C12E3D00984927 /* Main.storyboard */; };
		3ACB5A4525C12E4000984927 /* Assets.xcassets in Resources */ = {isa = PBXBuildFile; fileRef = 3ACB5A4425C12E4000984927 /* Assets.xcassets */; };
		3ACB5A4825C12E4000984927 /* LaunchScreen.storyboard in Resources */ = {isa = PBXBuildFile; fileRef = 3ACB5A4625C12E4000984927 /* LaunchScreen.storyboard */; };
		3ACB5A5225C1312800984927 /* MapAlertViewController.swift in Sources */ = {isa = PBXBuildFile; fileRef = 3ACB5A5125C1312800984927 /* MapAlertViewController.swift */; };
		3ACB5A5525C1361200984927 /* MapKitViewController.swift in Sources */ = {isa = PBXBuildFile; fileRef = 3ACB5A5425C1361200984927 /* MapKitViewController.swift */; };
		3ACB5A5B25C137FF00984927 /* note.png in Resources */ = {isa = PBXBuildFile; fileRef = 3ACB5A5925C137FE00984927 /* note.png */; };
		3ACB5A5C25C137FF00984927 /* rating5@2x.png in Resources */ = {isa = PBXBuildFile; fileRef = 3ACB5A5A25C137FF00984927 /* rating5@2x.png */; };
		3ACB5A5F25C1382700984927 /* ImageViewController.swift in Sources */ = {isa = PBXBuildFile; fileRef = 3ACB5A5E25C1382700984927 /* ImageViewController.swift */; };
/* End PBXBuildFile section */

/* Begin PBXFileReference section */
		3A8E369325C1414800A3C13A /* ControlViewController.swift */ = {isa = PBXFileReference; lastKnownFileType = sourcecode.swift; path = ControlViewController.swift; sourceTree = "<group>"; };
		3A8E369625C1447500A3C13A /* ListViewController.swift */ = {isa = PBXFileReference; lastKnownFileType = sourcecode.swift; path = ListViewController.swift; sourceTree = "<group>"; };
		3ACB5A3825C12E3D00984927 /* Chapter03-Alert.app */ = {isa = PBXFileReference; explicitFileType = wrapper.application; includeInIndex = 0; path = "Chapter03-Alert.app"; sourceTree = BUILT_PRODUCTS_DIR; };
		3ACB5A3B25C12E3D00984927 /* AppDelegate.swift */ = {isa = PBXFileReference; lastKnownFileType = sourcecode.swift; path = AppDelegate.swift; sourceTree = "<group>"; };
		3ACB5A3D25C12E3D00984927 /* SceneDelegate.swift */ = {isa = PBXFileReference; lastKnownFileType = sourcecode.swift; path = SceneDelegate.swift; sourceTree = "<group>"; };
		3ACB5A3F25C12E3D00984927 /* ViewController.swift */ = {isa = PBXFileReference; lastKnownFileType = sourcecode.swift; path = ViewController.swift; sourceTree = "<group>"; };
		3ACB5A4225C12E3D00984927 /* Base */ = {isa = PBXFileReference; lastKnownFileType = file.storyboard; name = Base; path = Base.lproj/Main.storyboard; sourceTree = "<group>"; };
		3ACB5A4425C12E4000984927 /* Assets.xcassets */ = {isa = PBXFileReference; lastKnownFileType = folder.assetcatalog; path = Assets.xcassets; sourceTree = "<group>"; };
		3ACB5A4725C12E4000984927 /* Base */ = {isa = PBXFileReference; lastKnownFileType = file.storyboard; name = Base; path = Base.lproj/LaunchScreen.storyboard; sourceTree = "<group>"; };
		3ACB5A4925C12E4000984927 /* Info.plist */ = {isa = PBXFileReference; lastKnownFileType = text.plist.xml; path = Info.plist; sourceTree = "<group>"; };
		3ACB5A5125C1312800984927 /* MapAlertViewController.swift */ = {isa = PBXFileReference; lastKnownFileType = sourcecode.swift; path = MapAlertViewController.swift; sourceTree = "<group>"; };
		3ACB5A5425C1361200984927 /* MapKitViewController.swift */ = {isa = PBXFileReference; lastKnownFileType = sourcecode.swift; path = MapKitViewController.swift; sourceTree = "<group>"; };
		3ACB5A5925C137FE00984927 /* note.png */ = {isa = PBXFileReference; lastKnownFileType = image.png; path = note.png; sourceTree = "<group>"; };
		3ACB5A5A25C137FF00984927 /* rating5@2x.png */ = {isa = PBXFileReference; lastKnownFileType = image.png; path = "rating5@2x.png"; sourceTree = "<group>"; };
		3ACB5A5E25C1382700984927 /* ImageViewController.swift */ = {isa = PBXFileReference; lastKnownFileType = sourcecode.swift; path = ImageViewController.swift; sourceTree = "<group>"; };
/* End PBXFileReference section */

/* Begin PBXFrameworksBuildPhase section */
		3ACB5A3525C12E3D00984927 /* Frameworks */ = {
			isa = PBXFrameworksBuildPhase;
			buildActionMask = 2147483647;
			files = (
			);
			runOnlyForDeploymentPostprocessing = 0;
		};
/* End PBXFrameworksBuildPhase section */

/* Begin PBXGroup section */
		3ACB5A2F25C12E3D00984927 = {
			isa = PBXGroup;
			children = (
				3ACB5A5725C137BA00984927 /* Resources */,
				3ACB5A3A25C12E3D00984927 /* Chapter03-Alert */,
				3ACB5A3925C12E3D00984927 /* Products */,
			);
			sourceTree = "<group>";
		};
		3ACB5A3925C12E3D00984927 /* Products */ = {
			isa = PBXGroup;
			children = (
				3ACB5A3825C12E3D00984927 /* Chapter03-Alert.app */,
			);
			name = Products;
			sourceTree = "<group>";
		};
		3ACB5A3A25C12E3D00984927 /* Chapter03-Alert */ = {
			isa = PBXGroup;
			children = (
				3ACB5A3B25C12E3D00984927 /* AppDelegate.swift */,
				3ACB5A3D25C12E3D00984927 /* SceneDelegate.swift */,
				3ACB5A3F25C12E3D00984927 /* ViewController.swift */,
				3ACB5A4125C12E3D00984927 /* Main.storyboard */,
				3ACB5A4425C12E4000984927 /* Assets.xcassets */,
				3ACB5A4625C12E4000984927 /* LaunchScreen.storyboard */,
				3ACB5A4925C12E4000984927 /* Info.plist */,
				3ACB5A5125C1312800984927 /* MapAlertViewController.swift */,
				3ACB5A5425C1361200984927 /* MapKitViewController.swift */,
				3ACB5A5E25C1382700984927 /* ImageViewController.swift */,
				3A8E369325C1414800A3C13A /* ControlViewController.swift */,
				3A8E369625C1447500A3C13A /* ListViewController.swift */,
			);
			path = "Chapter03-Alert";
			sourceTree = "<group>";
		};
		3ACB5A5725C137BA00984927 /* Resources */ = {
			isa = PBXGroup;
			children = (
				3ACB5A5925C137FE00984927 /* note.png */,
				3ACB5A5A25C137FF00984927 /* rating5@2x.png */,
			);
			path = Resources;
			sourceTree = "<group>";
		};
/* End PBXGroup section */

/* Begin PBXNativeTarget section */
		3ACB5A3725C12E3D00984927 /* Chapter03-Alert */ = {
			isa = PBXNativeTarget;
			buildConfigurationList = 3ACB5A4C25C12E4000984927 /* Build configuration list for PBXNativeTarget "Chapter03-Alert" */;
			buildPhases = (
				3ACB5A3425C12E3D00984927 /* Sources */,
				3ACB5A3525C12E3D00984927 /* Frameworks */,
				3ACB5A3625C12E3D00984927 /* Resources */,
			);
			buildRules = (
			);
			dependencies = (
			);
			name = "Chapter03-Alert";
			productName = "Chapter03-Alert";
			productReference = 3ACB5A3825C12E3D00984927 /* Chapter03-Alert.app */;
			productType = "com.apple.product-type.application";
		};
/* End PBXNativeTarget section */

/* Begin PBXProject section */
		3ACB5A3025C12E3D00984927 /* Project object */ = {
			isa = PBXProject;
			attributes = {
				LastSwiftUpdateCheck = 1220;
				LastUpgradeCheck = 1220;
				TargetAttributes = {
					3ACB5A3725C12E3D00984927 = {
						CreatedOnToolsVersion = 12.2;
					};
				};
			};
			buildConfigurationList = 3ACB5A3325C12E3D00984927 /* Build configuration list for PBXProject "Chapter03-Alert" */;
			compatibilityVersion = "Xcode 9.3";
			developmentRegion = en;
			hasScannedForEncodings = 0;
			knownRegions = (
				en,
				Base,
			);
			mainGroup = 3ACB5A2F25C12E3D00984927;
			productRefGroup = 3ACB5A3925C12E3D00984927 /* Products */;
			projectDirPath = "";
			projectRoot = "";
			targets = (
				3ACB5A3725C12E3D00984927 /* Chapter03-Alert */,
			);
		};
/* End PBXProject section */

/* Begin PBXResourcesBuildPhase section */
		3ACB5A3625C12E3D00984927 /* Resources */ = {
			isa = PBXResourcesBuildPhase;
			buildActionMask = 2147483647;
			files = (
				3ACB5A4825C12E4000984927 /* LaunchScreen.storyboard in Resources */,
				3ACB5A4525C12E4000984927 /* Assets.xcassets in Resources */,
				3ACB5A5C25C137FF00984927 /* rating5@2x.png in Resources */,
				3ACB5A4325C12E3D00984927 /* Main.storyboard in Resources */,
				3ACB5A5B25C137FF00984927 /* note.png in Resources */,
			);
			runOnlyForDeploymentPostprocessing = 0;
		};
/* End PBXResourcesBuildPhase section */

/* Begin PBXSourcesBuildPhase section */
		3ACB5A3425C12E3D00984927 /* Sources */ = {
			isa = PBXSourcesBuildPhase;
			buildActionMask = 2147483647;
			files = (
				3ACB5A5225C1312800984927 /* MapAlertViewController.swift in Sources */,
				3ACB5A5525C1361200984927 /* MapKitViewController.swift in Sources */,
				3ACB5A4025C12E3D00984927 /* ViewController.swift in Sources */,
				3ACB5A3C25C12E3D00984927 /* AppDelegate.swift in Sources */,
				3ACB5A5F25C1382700984927 /* ImageViewController.swift in Sources */,
				3ACB5A3E25C12E3D00984927 /* SceneDelegate.swift in Sources */,
				3A8E369725C1447500A3C13A /* ListViewController.swift in Sources */,
				3A8E369425C1414800A3C13A /* ControlViewController.swift in Sources */,
			);
			runOnlyForDeploymentPostprocessing = 0;
		};
/* End PBXSourcesBuildPhase section */

/* Begin PBXVariantGroup section */
		3ACB5A4125C12E3D00984927 /* Main.storyboard */ = {
			isa = PBXVariantGroup;
			children = (
				3ACB5A4225C12E3D00984927 /* Base */,
			);
			name = Main.storyboard;
			sourceTree = "<group>";
		};
		3ACB5A4625C12E4000984927 /* LaunchScreen.storyboard */ = {
			isa = PBXVariantGroup;
			children = (
				3ACB5A4725C12E4000984927 /* Base */,
			);
			name = LaunchScreen.storyboard;
			sourceTree = "<group>";
		};
/* End PBXVariantGroup section */

/* Begin XCBuildConfiguration section */
		3ACB5A4A25C12E4000984927 /* Debug */ = {
			isa = XCBuildConfiguration;
			buildSettings = {
				ALWAYS_SEARCH_USER_PATHS = NO;
				CLANG_ANALYZER_NONNULL = YES;
				CLANG_ANALYZER_NUMBER_OBJECT_CONVERSION = YES_AGGRESSIVE;
				CLANG_CXX_LANGUAGE_STANDARD = "gnu++14";
				CLANG_CXX_LIBRARY = "libc++";
				CLANG_ENABLE_MODULES = YES;
				CLANG_ENABLE_OBJC_ARC = YES;
				CLANG_ENABLE_OBJC_WEAK = YES;
				CLANG_WARN_BLOCK_CAPTURE_AUTORELEASING = YES;
				CLANG_WARN_BOOL_CONVERSION = YES;
				CLANG_WARN_COMMA = YES;
				CLANG_WARN_CONSTANT_CONVERSION = YES;
				CLANG_WARN_DEPRECATED_OBJC_IMPLEMENTATIONS = YES;
				CLANG_WARN_DIRECT_OBJC_ISA_USAGE = YES_ERROR;
				CLANG_WARN_DOCUMENTATION_COMMENTS = YES;
				CLANG_WARN_EMPTY_BODY = YES;
				CLANG_WARN_ENUM_CONVERSION = YES;
				CLANG_WARN_INFINITE_RECURSION = YES;
				CLANG_WARN_INT_CONVERSION = YES;
				CLANG_WARN_NON_LITERAL_NULL_CONVERSION = YES;
				CLANG_WARN_OBJC_IMPLICIT_RETAIN_SELF = YES;
				CLANG_WARN_OBJC_LITERAL_CONVERSION = YES;
				CLANG_WARN_OBJC_ROOT_CLASS = YES_ERROR;
				CLANG_WARN_QUOTED_INCLUDE_IN_FRAMEWORK_HEADER = YES;
				CLANG_WARN_RANGE_LOOP_ANALYSIS = YES;
				CLANG_WARN_STRICT_PROTOTYPES = YES;
				CLANG_WARN_SUSPICIOUS_MOVE = YES;
				CLANG_WARN_UNGUARDED_AVAILABILITY = YES_AGGRESSIVE;
				CLANG_WARN_UNREACHABLE_CODE = YES;
				CLANG_WARN__DUPLICATE_METHOD_MATCH = YES;
				COPY_PHASE_STRIP = NO;
				DEBUG_INFORMATION_FORMAT = dwarf;
				ENABLE_STRICT_OBJC_MSGSEND = YES;
				ENABLE_TESTABILITY = YES;
				GCC_C_LANGUAGE_STANDARD = gnu11;
				GCC_DYNAMIC_NO_PIC = NO;
				GCC_NO_COMMON_BLOCKS = YES;
				GCC_OPTIMIZATION_LEVEL = 0;
				GCC_PREPROCESSOR_DEFINITIONS = (
					"DEBUG=1",
					"$(inherited)",
				);
				GCC_WARN_64_TO_32_BIT_CONVERSION = YES;
				GCC_WARN_ABOUT_RETURN_TYPE = YES_ERROR;
				GCC_WARN_UNDECLARED_SELECTOR = YES;
				GCC_WARN_UNINITIALIZED_AUTOS = YES_AGGRESSIVE;
				GCC_WARN_UNUSED_FUNCTION = YES;
				GCC_WARN_UNUSED_VARIABLE = YES;
				IPHONEOS_DEPLOYMENT_TARGET = 14.2;
				MTL_ENABLE_DEBUG_INFO = INCLUDE_SOURCE;
				MTL_FAST_MATH = YES;
				ONLY_ACTIVE_ARCH = YES;
				SDKROOT = iphoneos;
				SWIFT_ACTIVE_COMPILATION_CONDITIONS = DEBUG;
				SWIFT_OPTIMIZATION_LEVEL = "-Onone";
			};
			name = Debug;
		};
		3ACB5A4B25C12E4000984927 /* Release */ = {
			isa = XCBuildConfiguration;
			buildSettings = {
				ALWAYS_SEARCH_USER_PATHS = NO;
				CLANG_ANALYZER_NONNULL = YES;
				CLANG_ANALYZER_NUMBER_OBJECT_CONVERSION = YES_AGGRESSIVE;
				CLANG_CXX_LANGUAGE_STANDARD = "gnu++14";
				CLANG_CXX_LIBRARY = "libc++";
				CLANG_ENABLE_MODULES = YES;
				CLANG_ENABLE_OBJC_ARC = YES;
				CLANG_ENABLE_OBJC_WEAK = YES;
				CLANG_WARN_BLOCK_CAPTURE_AUTORELEASING = YES;
				CLANG_WARN_BOOL_CONVERSION = YES;
				CLANG_WARN_COMMA = YES;
				CLANG_WARN_CONSTANT_CONVERSION = YES;
				CLANG_WARN_DEPRECATED_OBJC_IMPLEMENTATIONS = YES;
				CLANG_WARN_DIRECT_OBJC_ISA_USAGE = YES_ERROR;
				CLANG_WARN_DOCUMENTATION_COMMENTS = YES;
				CLANG_WARN_EMPTY_BODY = YES;
				CLANG_WARN_ENUM_CONVERSION = YES;
				CLANG_WARN_INFINITE_RECURSION = YES;
				CLANG_WARN_INT_CONVERSION = YES;
				CLANG_WARN_NON_LITERAL_NULL_CONVERSION = YES;
				CLANG_WARN_OBJC_IMPLICIT_RETAIN_SELF = YES;
				CLANG_WARN_OBJC_LITERAL_CONVERSION = YES;
				CLANG_WARN_OBJC_ROOT_CLASS = YES_ERROR;
				CLANG_WARN_QUOTED_INCLUDE_IN_FRAMEWORK_HEADER = YES;
				CLANG_WARN_RANGE_LOOP_ANALYSIS = YES;
				CLANG_WARN_STRICT_PROTOTYPES = YES;
				CLANG_WARN_SUSPICIOUS_MOVE = YES;
				CLANG_WARN_UNGUARDED_AVAILABILITY = YES_AGGRESSIVE;
				CLANG_WARN_UNREACHABLE_CODE = YES;
				CLANG_WARN__DUPLICATE_METHOD_MATCH = YES;
				COPY_PHASE_STRIP = NO;
				DEBUG_INFORMATION_FORMAT = "dwarf-with-dsym";
				ENABLE_NS_ASSERTIONS = NO;
				ENABLE_STRICT_OBJC_MSGSEND = YES;
				GCC_C_LANGUAGE_STANDARD = gnu11;
				GCC_NO_COMMON_BLOCKS = YES;
				GCC_WARN_64_TO_32_BIT_CONVERSION = YES;
				GCC_WARN_ABOUT_RETURN_TYPE = YES_ERROR;
				GCC_WARN_UNDECLARED_SELECTOR = YES;
				GCC_WARN_UNINITIALIZED_AUTOS = YES_AGGRESSIVE;
				GCC_WARN_UNUSED_FUNCTION = YES;
				GCC_WARN_UNUSED_VARIABLE = YES;
				IPHONEOS_DEPLOYMENT_TARGET = 14.2;
				MTL_ENABLE_DEBUG_INFO = NO;
				MTL_FAST_MATH = YES;
				SDKROOT = iphoneos;
				SWIFT_COMPILATION_MODE = wholemodule;
				SWIFT_OPTIMIZATION_LEVEL = "-O";
				VALIDATE_PRODUCT = YES;
			};
			name = Release;
		};
		3ACB5A4D25C12E4000984927 /* Debug */ = {
			isa = XCBuildConfiguration;
			buildSettings = {
				ASSETCATALOG_COMPILER_APPICON_NAME = AppIcon;
				ASSETCATALOG_COMPILER_GLOBAL_ACCENT_COLOR_NAME = AccentColor;
				CODE_SIGN_STYLE = Automatic;
				DEVELOPMENT_TEAM = FP8CB3BY93;
				INFOPLIST_FILE = "Chapter03-Alert/Info.plist";
				LD_RUNPATH_SEARCH_PATHS = (
					"$(inherited)",
					"@executable_path/Frameworks",
				);
				PRODUCT_BUNDLE_IDENTIFIER = "kr.velmash.Chapter03-Alert";
				PRODUCT_NAME = "$(TARGET_NAME)";
				SWIFT_VERSION = 5.0;
				TARGETED_DEVICE_FAMILY = 1;
			};
			name = Debug;
		};
		3ACB5A4E25C12E4000984927 /* Release */ = {
			isa = XCBuildConfiguration;
			buildSettings = {
				ASSETCATALOG_COMPILER_APPICON_NAME = AppIcon;
				ASSETCATALOG_COMPILER_GLOBAL_ACCENT_COLOR_NAME = AccentColor;
				CODE_SIGN_STYLE = Automatic;
				DEVELOPMENT_TEAM = FP8CB3BY93;
				INFOPLIST_FILE = "Chapter03-Alert/Info.plist";
				LD_RUNPATH_SEARCH_PATHS = (
					"$(inherited)",
					"@executable_path/Frameworks",
				);
				PRODUCT_BUNDLE_IDENTIFIER = "kr.velmash.Chapter03-Alert";
				PRODUCT_NAME = "$(TARGET_NAME)";
				SWIFT_VERSION = 5.0;
				TARGETED_DEVICE_FAMILY = 1;
			};
			name = Release;
		};
/* End XCBuildConfiguration section */

/* Begin XCConfigurationList section */
		3ACB5A3325C12E3D00984927 /* Build configuration list for PBXProject "Chapter03-Alert" */ = {
			isa = XCConfigurationList;
			buildConfigurations = (
				3ACB5A4A25C12E4000984927 /* Debug */,
				3ACB5A4B25C12E4000984927 /* Release */,
			);
			defaultConfigurationIsVisible = 0;
			defaultConfigurationName = Release;
		};
		3ACB5A4C25C12E4000984927 /* Build configuration list for PBXNativeTarget "Chapter03-Alert" */ = {
			isa = XCConfigurationList;
			buildConfigurations = (
				3ACB5A4D25C12E4000984927 /* Debug */,
				3ACB5A4E25C12E4000984927 /* Release */,
			);
			defaultConfigurationIsVisible = 0;
			defaultConfigurationName = Release;
		};
/* End XCConfigurationList section */
	};
	rootObject = 3ACB5A3025C12E3D00984927 /* Project object */;
}
