// !$*UTF8*$!
{
	archiveVersion = 1;
	classes = {
	};
	objectVersion = 50;
	objects = {

/* Begin PBXBuildFile section */
		3A63188425BFD31C00ED59E1 /* AppDelegate.swift in Sources */ = {isa = PBXBuildFile; fileRef = 3A63188325BFD31C00ED59E1 /* AppDelegate.swift */; };
		3A63188625BFD31C00ED59E1 /* SceneDelegate.swift in Sources */ = {isa = PBXBuildFile; fileRef = 3A63188525BFD31C00ED59E1 /* SceneDelegate.swift */; };
		3A63188825BFD31C00ED59E1 /* ViewController.swift in Sources */ = {isa = PBXBuildFile; fileRef = 3A63188725BFD31C00ED59E1 /* ViewController.swift */; };
		3A63188B25BFD31C00ED59E1 /* Main.storyboard in Resources */ = {isa = PBXBuildFile; fileRef = 3A63188925BFD31C00ED59E1 /* Main.storyboard */; };
		3A63188D25BFD31F00ED59E1 /* Assets.xcassets in Resources */ = {isa = PBXBuildFile; fileRef = 3A63188C25BFD31F00ED59E1 /* Assets.xcassets */; };
		3A63189025BFD31F00ED59E1 /* LaunchScreen.storyboard in Resources */ = {isa = PBXBuildFile; fileRef = 3A63188E25BFD31F00ED59E1 /* LaunchScreen.storyboard */; };
		3A63189A25BFE22B00ED59E1 /* ReadViewController.swift in Sources */ = {isa = PBXBuildFile; fileRef = 3A63189925BFE22B00ED59E1 /* ReadViewController.swift */; };
		3A63189D25BFE60200ED59E1 /* SDMiSaeng.ttf in Resources */ = {isa = PBXBuildFile; fileRef = 3A63189C25BFE58F00ED59E1 /* SDMiSaeng.ttf */; };
/* End PBXBuildFile section */

/* Begin PBXFileReference section */
		3A63188025BFD31C00ED59E1 /* Chapter02-InputForm.app */ = {isa = PBXFileReference; explicitFileType = wrapper.application; includeInIndex = 0; path = "Chapter02-InputForm.app"; sourceTree = BUILT_PRODUCTS_DIR; };
		3A63188325BFD31C00ED59E1 /* AppDelegate.swift */ = {isa = PBXFileReference; lastKnownFileType = sourcecode.swift; path = AppDelegate.swift; sourceTree = "<group>"; };
		3A63188525BFD31C00ED59E1 /* SceneDelegate.swift */ = {isa = PBXFileReference; lastKnownFileType = sourcecode.swift; path = SceneDelegate.swift; sourceTree = "<group>"; };
		3A63188725BFD31C00ED59E1 /* ViewController.swift */ = {isa = PBXFileReference; lastKnownFileType = sourcecode.swift; path = ViewController.swift; sourceTree = "<group>"; };
		3A63188A25BFD31C00ED59E1 /* Base */ = {isa = PBXFileReference; lastKnownFileType = file.storyboard; name = Base; path = Base.lproj/Main.storyboard; sourceTree = "<group>"; };
		3A63188C25BFD31F00ED59E1 /* Assets.xcassets */ = {isa = PBXFileReference; lastKnownFileType = folder.assetcatalog; path = Assets.xcassets; sourceTree = "<group>"; };
		3A63188F25BFD31F00ED59E1 /* Base */ = {isa = PBXFileReference; lastKnownFileType = file.storyboard; name = Base; path = Base.lproj/LaunchScreen.storyboard; sourceTree = "<group>"; };
		3A63189125BFD31F00ED59E1 /* Info.plist */ = {isa = PBXFileReference; lastKnownFileType = text.plist.xml; path = Info.plist; sourceTree = "<group>"; };
		3A63189925BFE22B00ED59E1 /* ReadViewController.swift */ = {isa = PBXFileReference; lastKnownFileType = sourcecode.swift; path = ReadViewController.swift; sourceTree = "<group>"; };
		3A63189C25BFE58F00ED59E1 /* SDMiSaeng.ttf */ = {isa = PBXFileReference; lastKnownFileType = file; path = SDMiSaeng.ttf; sourceTree = "<group>"; };
/* End PBXFileReference section */

/* Begin PBXFrameworksBuildPhase section */
		3A63187D25BFD31C00ED59E1 /* Frameworks */ = {
			isa = PBXFrameworksBuildPhase;
			buildActionMask = 2147483647;
			files = (
			);
			runOnlyForDeploymentPostprocessing = 0;
		};
/* End PBXFrameworksBuildPhase section */

/* Begin PBXGroup section */
		3A63187725BFD31C00ED59E1 = {
			isa = PBXGroup;
			children = (
				3A63188225BFD31C00ED59E1 /* Chapter02-InputForm */,
				3A63188125BFD31C00ED59E1 /* Products */,
			);
			sourceTree = "<group>";
		};
		3A63188125BFD31C00ED59E1 /* Products */ = {
			isa = PBXGroup;
			children = (
				3A63188025BFD31C00ED59E1 /* Chapter02-InputForm.app */,
			);
			name = Products;
			sourceTree = "<group>";
		};
		3A63188225BFD31C00ED59E1 /* Chapter02-InputForm */ = {
			isa = PBXGroup;
			children = (
				3A63189C25BFE58F00ED59E1 /* SDMiSaeng.ttf */,
				3A63188325BFD31C00ED59E1 /* AppDelegate.swift */,
				3A63188525BFD31C00ED59E1 /* SceneDelegate.swift */,
				3A63188725BFD31C00ED59E1 /* ViewController.swift */,
				3A63188925BFD31C00ED59E1 /* Main.storyboard */,
				3A63188C25BFD31F00ED59E1 /* Assets.xcassets */,
				3A63188E25BFD31F00ED59E1 /* LaunchScreen.storyboard */,
				3A63189125BFD31F00ED59E1 /* Info.plist */,
				3A63189925BFE22B00ED59E1 /* ReadViewController.swift */,
			);
			path = "Chapter02-InputForm";
			sourceTree = "<group>";
		};
/* End PBXGroup section */

/* Begin PBXNativeTarget section */
		3A63187F25BFD31C00ED59E1 /* Chapter02-InputForm */ = {
			isa = PBXNativeTarget;
			buildConfigurationList = 3A63189425BFD31F00ED59E1 /* Build configuration list for PBXNativeTarget "Chapter02-InputForm" */;
			buildPhases = (
				3A63187C25BFD31C00ED59E1 /* Sources */,
				3A63187D25BFD31C00ED59E1 /* Frameworks */,
				3A63187E25BFD31C00ED59E1 /* Resources */,
			);
			buildRules = (
			);
			dependencies = (
			);
			name = "Chapter02-InputForm";
			productName = "Chapter02-InputForm";
			productReference = 3A63188025BFD31C00ED59E1 /* Chapter02-InputForm.app */;
			productType = "com.apple.product-type.application";
		};
/* End PBXNativeTarget section */

/* Begin PBXProject section */
		3A63187825BFD31C00ED59E1 /* Project object */ = {
			isa = PBXProject;
			attributes = {
				LastSwiftUpdateCheck = 1220;
				LastUpgradeCheck = 1220;
				TargetAttributes = {
					3A63187F25BFD31C00ED59E1 = {
						CreatedOnToolsVersion = 12.2;
					};
				};
			};
			buildConfigurationList = 3A63187B25BFD31C00ED59E1 /* Build configuration list for PBXProject "Chapter02-InputForm" */;
			compatibilityVersion = "Xcode 9.3";
			developmentRegion = en;
			hasScannedForEncodings = 0;
			knownRegions = (
				en,
				Base,
			);
			mainGroup = 3A63187725BFD31C00ED59E1;
			productRefGroup = 3A63188125BFD31C00ED59E1 /* Products */;
			projectDirPath = "";
			projectRoot = "";
			targets = (
				3A63187F25BFD31C00ED59E1 /* Chapter02-InputForm */,
			);
		};
/* End PBXProject section */

/* Begin PBXResourcesBuildPhase section */
		3A63187E25BFD31C00ED59E1 /* Resources */ = {
			isa = PBXResourcesBuildPhase;
			buildActionMask = 2147483647;
			files = (
				3A63189D25BFE60200ED59E1 /* SDMiSaeng.ttf in Resources */,
				3A63189025BFD31F00ED59E1 /* LaunchScreen.storyboard in Resources */,
				3A63188D25BFD31F00ED59E1 /* Assets.xcassets in Resources */,
				3A63188B25BFD31C00ED59E1 /* Main.storyboard in Resources */,
			);
			runOnlyForDeploymentPostprocessing = 0;
		};
/* End PBXResourcesBuildPhase section */

/* Begin PBXSourcesBuildPhase section */
		3A63187C25BFD31C00ED59E1 /* Sources */ = {
			isa = PBXSourcesBuildPhase;
			buildActionMask = 2147483647;
			files = (
				3A63188825BFD31C00ED59E1 /* ViewController.swift in Sources */,
				3A63188425BFD31C00ED59E1 /* AppDelegate.swift in Sources */,
				3A63189A25BFE22B00ED59E1 /* ReadViewController.swift in Sources */,
				3A63188625BFD31C00ED59E1 /* SceneDelegate.swift in Sources */,
			);
			runOnlyForDeploymentPostprocessing = 0;
		};
/* End PBXSourcesBuildPhase section */

/* Begin PBXVariantGroup section */
		3A63188925BFD31C00ED59E1 /* Main.storyboard */ = {
			isa = PBXVariantGroup;
			children = (
				3A63188A25BFD31C00ED59E1 /* Base */,
			);
			name = Main.storyboard;
			sourceTree = "<group>";
		};
		3A63188E25BFD31F00ED59E1 /* LaunchScreen.storyboard */ = {
			isa = PBXVariantGroup;
			children = (
				3A63188F25BFD31F00ED59E1 /* Base */,
			);
			name = LaunchScreen.storyboard;
			sourceTree = "<group>";
		};
/* End PBXVariantGroup section */

/* Begin XCBuildConfiguration section */
		3A63189225BFD31F00ED59E1 /* Debug */ = {
			isa = XCBuildConfiguration;
			buildSettings = {
				ALWAYS_SEARCH_USER_PATHS = NO;
				CLANG_ANALYZER_NONNULL = YES;
				CLANG_ANALYZER_NUMBER_OBJECT_CONVERSION = YES_AGGRESSIVE;
				CLANG_CXX_LANGUAGE_STANDARD = "gnu++14";
				CLANG_CXX_LIBRARY = "libc++";
				CLANG_ENABLE_MODULES = YES;
				CLANG_ENABLE_OBJC_ARC = YES;
				CLANG_ENABLE_OBJC_WEAK = YES;
				CLANG_WARN_BLOCK_CAPTURE_AUTORELEASING = YES;
				CLANG_WARN_BOOL_CONVERSION = YES;
				CLANG_WARN_COMMA = YES;
				CLANG_WARN_CONSTANT_CONVERSION = YES;
				CLANG_WARN_DEPRECATED_OBJC_IMPLEMENTATIONS = YES;
				CLANG_WARN_DIRECT_OBJC_ISA_USAGE = YES_ERROR;
				CLANG_WARN_DOCUMENTATION_COMMENTS = YES;
				CLANG_WARN_EMPTY_BODY = YES;
				CLANG_WARN_ENUM_CONVERSION = YES;
				CLANG_WARN_INFINITE_RECURSION = YES;
				CLANG_WARN_INT_CONVERSION = YES;
				CLANG_WARN_NON_LITERAL_NULL_CONVERSION = YES;
				CLANG_WARN_OBJC_IMPLICIT_RETAIN_SELF = YES;
				CLANG_WARN_OBJC_LITERAL_CONVERSION = YES;
				CLANG_WARN_OBJC_ROOT_CLASS = YES_ERROR;
				CLANG_WARN_QUOTED_INCLUDE_IN_FRAMEWORK_HEADER = YES;
				CLANG_WARN_RANGE_LOOP_ANALYSIS = YES;
				CLANG_WARN_STRICT_PROTOTYPES = YES;
				CLANG_WARN_SUSPICIOUS_MOVE = YES;
				CLANG_WARN_UNGUARDED_AVAILABILITY = YES_AGGRESSIVE;
				CLANG_WARN_UNREACHABLE_CODE = YES;
				CLANG_WARN__DUPLICATE_METHOD_MATCH = YES;
				COPY_PHASE_STRIP = NO;
				DEBUG_INFORMATION_FORMAT = dwarf;
				ENABLE_STRICT_OBJC_MSGSEND = YES;
				ENABLE_TESTABILITY = YES;
				GCC_C_LANGUAGE_STANDARD = gnu11;
				GCC_DYNAMIC_NO_PIC = NO;
				GCC_NO_COMMON_BLOCKS = YES;
				GCC_OPTIMIZATION_LEVEL = 0;
				GCC_PREPROCESSOR_DEFINITIONS = (
					"DEBUG=1",
					"$(inherited)",
				);
				GCC_WARN_64_TO_32_BIT_CONVERSION = YES;
				GCC_WARN_ABOUT_RETURN_TYPE = YES_ERROR;
				GCC_WARN_UNDECLARED_SELECTOR = YES;
				GCC_WARN_UNINITIALIZED_AUTOS = YES_AGGRESSIVE;
				GCC_WARN_UNUSED_FUNCTION = YES;
				GCC_WARN_UNUSED_VARIABLE = YES;
				IPHONEOS_DEPLOYMENT_TARGET = 14.2;
				MTL_ENABLE_DEBUG_INFO = INCLUDE_SOURCE;
				MTL_FAST_MATH = YES;
				ONLY_ACTIVE_ARCH = YES;
				SDKROOT = iphoneos;
				SWIFT_ACTIVE_COMPILATION_CONDITIONS = DEBUG;
				SWIFT_OPTIMIZATION_LEVEL = "-Onone";
			};
			name = Debug;
		};
		3A63189325BFD31F00ED59E1 /* Release */ = {
			isa = XCBuildConfiguration;
			buildSettings = {
				ALWAYS_SEARCH_USER_PATHS = NO;
				CLANG_ANALYZER_NONNULL = YES;
				CLANG_ANALYZER_NUMBER_OBJECT_CONVERSION = YES_AGGRESSIVE;
				CLANG_CXX_LANGUAGE_STANDARD = "gnu++14";
				CLANG_CXX_LIBRARY = "libc++";
				CLANG_ENABLE_MODULES = YES;
				CLANG_ENABLE_OBJC_ARC = YES;
				CLANG_ENABLE_OBJC_WEAK = YES;
				CLANG_WARN_BLOCK_CAPTURE_AUTORELEASING = YES;
				CLANG_WARN_BOOL_CONVERSION = YES;
				CLANG_WARN_COMMA = YES;
				CLANG_WARN_CONSTANT_CONVERSION = YES;
				CLANG_WARN_DEPRECATED_OBJC_IMPLEMENTATIONS = YES;
				CLANG_WARN_DIRECT_OBJC_ISA_USAGE = YES_ERROR;
				CLANG_WARN_DOCUMENTATION_COMMENTS = YES;
				CLANG_WARN_EMPTY_BODY = YES;
				CLANG_WARN_ENUM_CONVERSION = YES;
				CLANG_WARN_INFINITE_RECURSION = YES;
				CLANG_WARN_INT_CONVERSION = YES;
				CLANG_WARN_NON_LITERAL_NULL_CONVERSION = YES;
				CLANG_WARN_OBJC_IMPLICIT_RETAIN_SELF = YES;
				CLANG_WARN_OBJC_LITERAL_CONVERSION = YES;
				CLANG_WARN_OBJC_ROOT_CLASS = YES_ERROR;
				CLANG_WARN_QUOTED_INCLUDE_IN_FRAMEWORK_HEADER = YES;
				CLANG_WARN_RANGE_LOOP_ANALYSIS = YES;
				CLANG_WARN_STRICT_PROTOTYPES = YES;
				CLANG_WARN_SUSPICIOUS_MOVE = YES;
				CLANG_WARN_UNGUARDED_AVAILABILITY = YES_AGGRESSIVE;
				CLANG_WARN_UNREACHABLE_CODE = YES;
				CLANG_WARN__DUPLICATE_METHOD_MATCH = YES;
				COPY_PHASE_STRIP = NO;
				DEBUG_INFORMATION_FORMAT = "dwarf-with-dsym";
				ENABLE_NS_ASSERTIONS = NO;
				ENABLE_STRICT_OBJC_MSGSEND = YES;
				GCC_C_LANGUAGE_STANDARD = gnu11;
				GCC_NO_COMMON_BLOCKS = YES;
				GCC_WARN_64_TO_32_BIT_CONVERSION = YES;
				GCC_WARN_ABOUT_RETURN_TYPE = YES_ERROR;
				GCC_WARN_UNDECLARED_SELECTOR = YES;
				GCC_WARN_UNINITIALIZED_AUTOS = YES_AGGRESSIVE;
				GCC_WARN_UNUSED_FUNCTION = YES;
				GCC_WARN_UNUSED_VARIABLE = YES;
				IPHONEOS_DEPLOYMENT_TARGET = 14.2;
				MTL_ENABLE_DEBUG_INFO = NO;
				MTL_FAST_MATH = YES;
				SDKROOT = iphoneos;
				SWIFT_COMPILATION_MODE = wholemodule;
				SWIFT_OPTIMIZATION_LEVEL = "-O";
				VALIDATE_PRODUCT = YES;
			};
			name = Release;
		};
		3A63189525BFD31F00ED59E1 /* Debug */ = {
			isa = XCBuildConfiguration;
			buildSettings = {
				ASSETCATALOG_COMPILER_APPICON_NAME = AppIcon;
				ASSETCATALOG_COMPILER_GLOBAL_ACCENT_COLOR_NAME = AccentColor;
				CODE_SIGN_STYLE = Automatic;
				DEVELOPMENT_TEAM = FP8CB3BY93;
				INFOPLIST_FILE = "Chapter02-InputForm/Info.plist";
				LD_RUNPATH_SEARCH_PATHS = (
					"$(inherited)",
					"@executable_path/Frameworks",
				);
				PRODUCT_BUNDLE_IDENTIFIER = "kr.velmash.Chapter02-InputForm";
				PRODUCT_NAME = "$(TARGET_NAME)";
				SWIFT_VERSION = 5.0;
				TARGETED_DEVICE_FAMILY = 1;
			};
			name = Debug;
		};
		3A63189625BFD31F00ED59E1 /* Release */ = {
			isa = XCBuildConfiguration;
			buildSettings = {
				ASSETCATALOG_COMPILER_APPICON_NAME = AppIcon;
				ASSETCATALOG_COMPILER_GLOBAL_ACCENT_COLOR_NAME = AccentColor;
				CODE_SIGN_STYLE = Automatic;
				DEVELOPMENT_TEAM = FP8CB3BY93;
				INFOPLIST_FILE = "Chapter02-InputForm/Info.plist";
				LD_RUNPATH_SEARCH_PATHS = (
					"$(inherited)",
					"@executable_path/Frameworks",
				);
				PRODUCT_BUNDLE_IDENTIFIER = "kr.velmash.Chapter02-InputForm";
				PRODUCT_NAME = "$(TARGET_NAME)";
				SWIFT_VERSION = 5.0;
				TARGETED_DEVICE_FAMILY = 1;
			};
			name = Release;
		};
/* End XCBuildConfiguration section */

/* Begin XCConfigurationList section */
		3A63187B25BFD31C00ED59E1 /* Build configuration list for PBXProject "Chapter02-InputForm" */ = {
			isa = XCConfigurationList;
			buildConfigurations = (
				3A63189225BFD31F00ED59E1 /* Debug */,
				3A63189325BFD31F00ED59E1 /* Release */,
			);
			defaultConfigurationIsVisible = 0;
			defaultConfigurationName = Release;
		};
		3A63189425BFD31F00ED59E1 /* Build configuration list for PBXNativeTarget "Chapter02-InputForm" */ = {
			isa = XCConfigurationList;
			buildConfigurations = (
				3A63189525BFD31F00ED59E1 /* Debug */,
				3A63189625BFD31F00ED59E1 /* Release */,
			);
			defaultConfigurationIsVisible = 0;
			defaultConfigurationName = Release;
		};
/* End XCConfigurationList section */
	};
	rootObject = 3A63187825BFD31C00ED59E1 /* Project object */;
}
