// !$*UTF8*$!
{
	archiveVersion = 1;
	classes = {
	};
	objectVersion = 50;
	objects = {

/* Begin PBXBuildFile section */
		3ABA026F25C3914E00F99C48 /* AppDelegate.swift in Sources */ = {isa = PBXBuildFile; fileRef = 3ABA026E25C3914E00F99C48 /* AppDelegate.swift */; };
		3ABA027125C3914E00F99C48 /* SceneDelegate.swift in Sources */ = {isa = PBXBuildFile; fileRef = 3ABA027025C3914E00F99C48 /* SceneDelegate.swift */; };
		3ABA027325C3914E00F99C48 /* ViewController.swift in Sources */ = {isa = PBXBuildFile; fileRef = 3ABA027225C3914E00F99C48 /* ViewController.swift */; };
		3ABA027625C3914E00F99C48 /* Main.storyboard in Resources */ = {isa = PBXBuildFile; fileRef = 3ABA027425C3914E00F99C48 /* Main.storyboard */; };
		3ABA027825C3915100F99C48 /* Assets.xcassets in Resources */ = {isa = PBXBuildFile; fileRef = 3ABA027725C3915100F99C48 /* Assets.xcassets */; };
		3ABA027B25C3915100F99C48 /* LaunchScreen.storyboard in Resources */ = {isa = PBXBuildFile; fileRef = 3ABA027925C3915100F99C48 /* LaunchScreen.storyboard */; };
		3ABA028C25C3917D00F99C48 /* icon02.png in Resources */ = {isa = PBXBuildFile; fileRef = 3ABA028525C3917D00F99C48 /* icon02.png */; };
		3ABA028D25C3917D00F99C48 /* sidemenu.png in Resources */ = {isa = PBXBuildFile; fileRef = 3ABA028625C3917D00F99C48 /* sidemenu.png */; };
		3ABA028E25C3917D00F99C48 /* icon01.png in Resources */ = {isa = PBXBuildFile; fileRef = 3ABA028725C3917D00F99C48 /* icon01.png */; };
		3ABA028F25C3917D00F99C48 /* icon05.png in Resources */ = {isa = PBXBuildFile; fileRef = 3ABA028825C3917D00F99C48 /* icon05.png */; };
		3ABA029025C3917D00F99C48 /* icon03.png in Resources */ = {isa = PBXBuildFile; fileRef = 3ABA028925C3917D00F99C48 /* icon03.png */; };
		3ABA029125C3917D00F99C48 /* icon04.png in Resources */ = {isa = PBXBuildFile; fileRef = 3ABA028A25C3917D00F99C48 /* icon04.png */; };
		3ABA029225C3917D00F99C48 /* icon06.png in Resources */ = {isa = PBXBuildFile; fileRef = 3ABA028B25C3917D00F99C48 /* icon06.png */; };
		3ABA029525C3919B00F99C48 /* RevealViewController.swift in Sources */ = {isa = PBXBuildFile; fileRef = 3ABA029425C3919B00F99C48 /* RevealViewController.swift */; };
		3ABA029825C391CC00F99C48 /* FrontViewController.swift in Sources */ = {isa = PBXBuildFile; fileRef = 3ABA029725C391CC00F99C48 /* FrontViewController.swift */; };
		3ABA029B25C391FB00F99C48 /* SideBarViewController.swift in Sources */ = {isa = PBXBuildFile; fileRef = 3ABA029A25C391FB00F99C48 /* SideBarViewController.swift */; };
/* End PBXBuildFile section */

/* Begin PBXFileReference section */
		3ABA026B25C3914E00F99C48 /* Chapter04-SideBarDIY.app */ = {isa = PBXFileReference; explicitFileType = wrapper.application; includeInIndex = 0; path = "Chapter04-SideBarDIY.app"; sourceTree = BUILT_PRODUCTS_DIR; };
		3ABA026E25C3914E00F99C48 /* AppDelegate.swift */ = {isa = PBXFileReference; lastKnownFileType = sourcecode.swift; path = AppDelegate.swift; sourceTree = "<group>"; };
		3ABA027025C3914E00F99C48 /* SceneDelegate.swift */ = {isa = PBXFileReference; lastKnownFileType = sourcecode.swift; path = SceneDelegate.swift; sourceTree = "<group>"; };
		3ABA027225C3914E00F99C48 /* ViewController.swift */ = {isa = PBXFileReference; lastKnownFileType = sourcecode.swift; path = ViewController.swift; sourceTree = "<group>"; };
		3ABA027525C3914E00F99C48 /* Base */ = {isa = PBXFileReference; lastKnownFileType = file.storyboard; name = Base; path = Base.lproj/Main.storyboard; sourceTree = "<group>"; };
		3ABA027725C3915100F99C48 /* Assets.xcassets */ = {isa = PBXFileReference; lastKnownFileType = folder.assetcatalog; path = Assets.xcassets; sourceTree = "<group>"; };
		3ABA027A25C3915100F99C48 /* Base */ = {isa = PBXFileReference; lastKnownFileType = file.storyboard; name = Base; path = Base.lproj/LaunchScreen.storyboard; sourceTree = "<group>"; };
		3ABA027C25C3915100F99C48 /* Info.plist */ = {isa = PBXFileReference; lastKnownFileType = text.plist.xml; path = Info.plist; sourceTree = "<group>"; };
		3ABA028525C3917D00F99C48 /* icon02.png */ = {isa = PBXFileReference; lastKnownFileType = image.png; path = icon02.png; sourceTree = "<group>"; };
		3ABA028625C3917D00F99C48 /* sidemenu.png */ = {isa = PBXFileReference; lastKnownFileType = image.png; path = sidemenu.png; sourceTree = "<group>"; };
		3ABA028725C3917D00F99C48 /* icon01.png */ = {isa = PBXFileReference; lastKnownFileType = image.png; path = icon01.png; sourceTree = "<group>"; };
		3ABA028825C3917D00F99C48 /* icon05.png */ = {isa = PBXFileReference; lastKnownFileType = image.png; path = icon05.png; sourceTree = "<group>"; };
		3ABA028925C3917D00F99C48 /* icon03.png */ = {isa = PBXFileReference; lastKnownFileType = image.png; path = icon03.png; sourceTree = "<group>"; };
		3ABA028A25C3917D00F99C48 /* icon04.png */ = {isa = PBXFileReference; lastKnownFileType = image.png; path = icon04.png; sourceTree = "<group>"; };
		3ABA028B25C3917D00F99C48 /* icon06.png */ = {isa = PBXFileReference; lastKnownFileType = image.png; path = icon06.png; sourceTree = "<group>"; };
		3ABA029425C3919B00F99C48 /* RevealViewController.swift */ = {isa = PBXFileReference; lastKnownFileType = sourcecode.swift; path = RevealViewController.swift; sourceTree = "<group>"; };
		3ABA029725C391CC00F99C48 /* FrontViewController.swift */ = {isa = PBXFileReference; lastKnownFileType = sourcecode.swift; path = FrontViewController.swift; sourceTree = "<group>"; };
		3ABA029A25C391FB00F99C48 /* SideBarViewController.swift */ = {isa = PBXFileReference; lastKnownFileType = sourcecode.swift; path = SideBarViewController.swift; sourceTree = "<group>"; };
/* End PBXFileReference section */

/* Begin PBXFrameworksBuildPhase section */
		3ABA026825C3914E00F99C48 /* Frameworks */ = {
			isa = PBXFrameworksBuildPhase;
			buildActionMask = 2147483647;
			files = (
			);
			runOnlyForDeploymentPostprocessing = 0;
		};
/* End PBXFrameworksBuildPhase section */

/* Begin PBXGroup section */
		3ABA026225C3914E00F99C48 = {
			isa = PBXGroup;
			children = (
				3ABA028425C3915C00F99C48 /* Resources */,
				3ABA026D25C3914E00F99C48 /* Chapter04-SideBarDIY */,
				3ABA026C25C3914E00F99C48 /* Products */,
			);
			sourceTree = "<group>";
		};
		3ABA026C25C3914E00F99C48 /* Products */ = {
			isa = PBXGroup;
			children = (
				3ABA026B25C3914E00F99C48 /* Chapter04-SideBarDIY.app */,
			);
			name = Products;
			sourceTree = "<group>";
		};
		3ABA026D25C3914E00F99C48 /* Chapter04-SideBarDIY */ = {
			isa = PBXGroup;
			children = (
				3ABA026E25C3914E00F99C48 /* AppDelegate.swift */,
				3ABA027025C3914E00F99C48 /* SceneDelegate.swift */,
				3ABA027225C3914E00F99C48 /* ViewController.swift */,
				3ABA027425C3914E00F99C48 /* Main.storyboard */,
				3ABA027725C3915100F99C48 /* Assets.xcassets */,
				3ABA027925C3915100F99C48 /* LaunchScreen.storyboard */,
				3ABA027C25C3915100F99C48 /* Info.plist */,
				3ABA029425C3919B00F99C48 /* RevealViewController.swift */,
				3ABA029725C391CC00F99C48 /* FrontViewController.swift */,
				3ABA029A25C391FB00F99C48 /* SideBarViewController.swift */,
			);
			path = "Chapter04-SideBarDIY";
			sourceTree = "<group>";
		};
		3ABA028425C3915C00F99C48 /* Resources */ = {
			isa = PBXGroup;
			children = (
				3ABA028725C3917D00F99C48 /* icon01.png */,
				3ABA028525C3917D00F99C48 /* icon02.png */,
				3ABA028925C3917D00F99C48 /* icon03.png */,
				3ABA028A25C3917D00F99C48 /* icon04.png */,
				3ABA028825C3917D00F99C48 /* icon05.png */,
				3ABA028B25C3917D00F99C48 /* icon06.png */,
				3ABA028625C3917D00F99C48 /* sidemenu.png */,
			);
			path = Resources;
			sourceTree = "<group>";
		};
/* End PBXGroup section */

/* Begin PBXNativeTarget section */
		3ABA026A25C3914E00F99C48 /* Chapter04-SideBarDIY */ = {
			isa = PBXNativeTarget;
			buildConfigurationList = 3ABA027F25C3915100F99C48 /* Build configuration list for PBXNativeTarget "Chapter04-SideBarDIY" */;
			buildPhases = (
				3ABA026725C3914E00F99C48 /* Sources */,
				3ABA026825C3914E00F99C48 /* Frameworks */,
				3ABA026925C3914E00F99C48 /* Resources */,
			);
			buildRules = (
			);
			dependencies = (
			);
			name = "Chapter04-SideBarDIY";
			productName = "Chapter04-SideBarDIY";
			productReference = 3ABA026B25C3914E00F99C48 /* Chapter04-SideBarDIY.app */;
			productType = "com.apple.product-type.application";
		};
/* End PBXNativeTarget section */

/* Begin PBXProject section */
		3ABA026325C3914E00F99C48 /* Project object */ = {
			isa = PBXProject;
			attributes = {
				LastSwiftUpdateCheck = 1220;
				LastUpgradeCheck = 1220;
				TargetAttributes = {
					3ABA026A25C3914E00F99C48 = {
						CreatedOnToolsVersion = 12.2;
					};
				};
			};
			buildConfigurationList = 3ABA026625C3914E00F99C48 /* Build configuration list for PBXProject "Chapter04-SideBarDIY" */;
			compatibilityVersion = "Xcode 9.3";
			developmentRegion = en;
			hasScannedForEncodings = 0;
			knownRegions = (
				en,
				Base,
			);
			mainGroup = 3ABA026225C3914E00F99C48;
			productRefGroup = 3ABA026C25C3914E00F99C48 /* Products */;
			projectDirPath = "";
			projectRoot = "";
			targets = (
				3ABA026A25C3914E00F99C48 /* Chapter04-SideBarDIY */,
			);
		};
/* End PBXProject section */

/* Begin PBXResourcesBuildPhase section */
		3ABA026925C3914E00F99C48 /* Resources */ = {
			isa = PBXResourcesBuildPhase;
			buildActionMask = 2147483647;
			files = (
				3ABA028F25C3917D00F99C48 /* icon05.png in Resources */,
				3ABA029025C3917D00F99C48 /* icon03.png in Resources */,
				3ABA028C25C3917D00F99C48 /* icon02.png in Resources */,
				3ABA027B25C3915100F99C48 /* LaunchScreen.storyboard in Resources */,
				3ABA029225C3917D00F99C48 /* icon06.png in Resources */,
				3ABA028D25C3917D00F99C48 /* sidemenu.png in Resources */,
				3ABA029125C3917D00F99C48 /* icon04.png in Resources */,
				3ABA027825C3915100F99C48 /* Assets.xcassets in Resources */,
				3ABA027625C3914E00F99C48 /* Main.storyboard in Resources */,
				3ABA028E25C3917D00F99C48 /* icon01.png in Resources */,
			);
			runOnlyForDeploymentPostprocessing = 0;
		};
/* End PBXResourcesBuildPhase section */

/* Begin PBXSourcesBuildPhase section */
		3ABA026725C3914E00F99C48 /* Sources */ = {
			isa = PBXSourcesBuildPhase;
			buildActionMask = 2147483647;
			files = (
				3ABA027325C3914E00F99C48 /* ViewController.swift in Sources */,
				3ABA029B25C391FB00F99C48 /* SideBarViewController.swift in Sources */,
				3ABA026F25C3914E00F99C48 /* AppDelegate.swift in Sources */,
				3ABA029825C391CC00F99C48 /* FrontViewController.swift in Sources */,
				3ABA027125C3914E00F99C48 /* SceneDelegate.swift in Sources */,
				3ABA029525C3919B00F99C48 /* RevealViewController.swift in Sources */,
			);
			runOnlyForDeploymentPostprocessing = 0;
		};
/* End PBXSourcesBuildPhase section */

/* Begin PBXVariantGroup section */
		3ABA027425C3914E00F99C48 /* Main.storyboard */ = {
			isa = PBXVariantGroup;
			children = (
				3ABA027525C3914E00F99C48 /* Base */,
			);
			name = Main.storyboard;
			sourceTree = "<group>";
		};
		3ABA027925C3915100F99C48 /* LaunchScreen.storyboard */ = {
			isa = PBXVariantGroup;
			children = (
				3ABA027A25C3915100F99C48 /* Base */,
			);
			name = LaunchScreen.storyboard;
			sourceTree = "<group>";
		};
/* End PBXVariantGroup section */

/* Begin XCBuildConfiguration section */
		3ABA027D25C3915100F99C48 /* Debug */ = {
			isa = XCBuildConfiguration;
			buildSettings = {
				ALWAYS_SEARCH_USER_PATHS = NO;
				CLANG_ANALYZER_NONNULL = YES;
				CLANG_ANALYZER_NUMBER_OBJECT_CONVERSION = YES_AGGRESSIVE;
				CLANG_CXX_LANGUAGE_STANDARD = "gnu++14";
				CLANG_CXX_LIBRARY = "libc++";
				CLANG_ENABLE_MODULES = YES;
				CLANG_ENABLE_OBJC_ARC = YES;
				CLANG_ENABLE_OBJC_WEAK = YES;
				CLANG_WARN_BLOCK_CAPTURE_AUTORELEASING = YES;
				CLANG_WARN_BOOL_CONVERSION = YES;
				CLANG_WARN_COMMA = YES;
				CLANG_WARN_CONSTANT_CONVERSION = YES;
				CLANG_WARN_DEPRECATED_OBJC_IMPLEMENTATIONS = YES;
				CLANG_WARN_DIRECT_OBJC_ISA_USAGE = YES_ERROR;
				CLANG_WARN_DOCUMENTATION_COMMENTS = YES;
				CLANG_WARN_EMPTY_BODY = YES;
				CLANG_WARN_ENUM_CONVERSION = YES;
				CLANG_WARN_INFINITE_RECURSION = YES;
				CLANG_WARN_INT_CONVERSION = YES;
				CLANG_WARN_NON_LITERAL_NULL_CONVERSION = YES;
				CLANG_WARN_OBJC_IMPLICIT_RETAIN_SELF = YES;
				CLANG_WARN_OBJC_LITERAL_CONVERSION = YES;
				CLANG_WARN_OBJC_ROOT_CLASS = YES_ERROR;
				CLANG_WARN_QUOTED_INCLUDE_IN_FRAMEWORK_HEADER = YES;
				CLANG_WARN_RANGE_LOOP_ANALYSIS = YES;
				CLANG_WARN_STRICT_PROTOTYPES = YES;
				CLANG_WARN_SUSPICIOUS_MOVE = YES;
				CLANG_WARN_UNGUARDED_AVAILABILITY = YES_AGGRESSIVE;
				CLANG_WARN_UNREACHABLE_CODE = YES;
				CLANG_WARN__DUPLICATE_METHOD_MATCH = YES;
				COPY_PHASE_STRIP = NO;
				DEBUG_INFORMATION_FORMAT = dwarf;
				ENABLE_STRICT_OBJC_MSGSEND = YES;
				ENABLE_TESTABILITY = YES;
				GCC_C_LANGUAGE_STANDARD = gnu11;
				GCC_DYNAMIC_NO_PIC = NO;
				GCC_NO_COMMON_BLOCKS = YES;
				GCC_OPTIMIZATION_LEVEL = 0;
				GCC_PREPROCESSOR_DEFINITIONS = (
					"DEBUG=1",
					"$(inherited)",
				);
				GCC_WARN_64_TO_32_BIT_CONVERSION = YES;
				GCC_WARN_ABOUT_RETURN_TYPE = YES_ERROR;
				GCC_WARN_UNDECLARED_SELECTOR = YES;
				GCC_WARN_UNINITIALIZED_AUTOS = YES_AGGRESSIVE;
				GCC_WARN_UNUSED_FUNCTION = YES;
				GCC_WARN_UNUSED_VARIABLE = YES;
				IPHONEOS_DEPLOYMENT_TARGET = 14.2;
				MTL_ENABLE_DEBUG_INFO = INCLUDE_SOURCE;
				MTL_FAST_MATH = YES;
				ONLY_ACTIVE_ARCH = YES;
				SDKROOT = iphoneos;
				SWIFT_ACTIVE_COMPILATION_CONDITIONS = DEBUG;
				SWIFT_OPTIMIZATION_LEVEL = "-Onone";
			};
			name = Debug;
		};
		3ABA027E25C3915100F99C48 /* Release */ = {
			isa = XCBuildConfiguration;
			buildSettings = {
				ALWAYS_SEARCH_USER_PATHS = NO;
				CLANG_ANALYZER_NONNULL = YES;
				CLANG_ANALYZER_NUMBER_OBJECT_CONVERSION = YES_AGGRESSIVE;
				CLANG_CXX_LANGUAGE_STANDARD = "gnu++14";
				CLANG_CXX_LIBRARY = "libc++";
				CLANG_ENABLE_MODULES = YES;
				CLANG_ENABLE_OBJC_ARC = YES;
				CLANG_ENABLE_OBJC_WEAK = YES;
				CLANG_WARN_BLOCK_CAPTURE_AUTORELEASING = YES;
				CLANG_WARN_BOOL_CONVERSION = YES;
				CLANG_WARN_COMMA = YES;
				CLANG_WARN_CONSTANT_CONVERSION = YES;
				CLANG_WARN_DEPRECATED_OBJC_IMPLEMENTATIONS = YES;
				CLANG_WARN_DIRECT_OBJC_ISA_USAGE = YES_ERROR;
				CLANG_WARN_DOCUMENTATION_COMMENTS = YES;
				CLANG_WARN_EMPTY_BODY = YES;
				CLANG_WARN_ENUM_CONVERSION = YES;
				CLANG_WARN_INFINITE_RECURSION = YES;
				CLANG_WARN_INT_CONVERSION = YES;
				CLANG_WARN_NON_LITERAL_NULL_CONVERSION = YES;
				CLANG_WARN_OBJC_IMPLICIT_RETAIN_SELF = YES;
				CLANG_WARN_OBJC_LITERAL_CONVERSION = YES;
				CLANG_WARN_OBJC_ROOT_CLASS = YES_ERROR;
				CLANG_WARN_QUOTED_INCLUDE_IN_FRAMEWORK_HEADER = YES;
				CLANG_WARN_RANGE_LOOP_ANALYSIS = YES;
				CLANG_WARN_STRICT_PROTOTYPES = YES;
				CLANG_WARN_SUSPICIOUS_MOVE = YES;
				CLANG_WARN_UNGUARDED_AVAILABILITY = YES_AGGRESSIVE;
				CLANG_WARN_UNREACHABLE_CODE = YES;
				CLANG_WARN__DUPLICATE_METHOD_MATCH = YES;
				COPY_PHASE_STRIP = NO;
				DEBUG_INFORMATION_FORMAT = "dwarf-with-dsym";
				ENABLE_NS_ASSERTIONS = NO;
				ENABLE_STRICT_OBJC_MSGSEND = YES;
				GCC_C_LANGUAGE_STANDARD = gnu11;
				GCC_NO_COMMON_BLOCKS = YES;
				GCC_WARN_64_TO_32_BIT_CONVERSION = YES;
				GCC_WARN_ABOUT_RETURN_TYPE = YES_ERROR;
				GCC_WARN_UNDECLARED_SELECTOR = YES;
				GCC_WARN_UNINITIALIZED_AUTOS = YES_AGGRESSIVE;
				GCC_WARN_UNUSED_FUNCTION = YES;
				GCC_WARN_UNUSED_VARIABLE = YES;
				IPHONEOS_DEPLOYMENT_TARGET = 14.2;
				MTL_ENABLE_DEBUG_INFO = NO;
				MTL_FAST_MATH = YES;
				SDKROOT = iphoneos;
				SWIFT_COMPILATION_MODE = wholemodule;
				SWIFT_OPTIMIZATION_LEVEL = "-O";
				VALIDATE_PRODUCT = YES;
			};
			name = Release;
		};
		3ABA028025C3915100F99C48 /* Debug */ = {
			isa = XCBuildConfiguration;
			buildSettings = {
				ASSETCATALOG_COMPILER_APPICON_NAME = AppIcon;
				ASSETCATALOG_COMPILER_GLOBAL_ACCENT_COLOR_NAME = AccentColor;
				CODE_SIGN_STYLE = Automatic;
				DEVELOPMENT_TEAM = FP8CB3BY93;
				INFOPLIST_FILE = "Chapter04-SideBarDIY/Info.plist";
				LD_RUNPATH_SEARCH_PATHS = (
					"$(inherited)",
					"@executable_path/Frameworks",
				);
				PRODUCT_BUNDLE_IDENTIFIER = "kr.velmash.Chapter04-SideBarDIY";
				PRODUCT_NAME = "$(TARGET_NAME)";
				SWIFT_VERSION = 5.0;
				TARGETED_DEVICE_FAMILY = 1;
			};
			name = Debug;
		};
		3ABA028125C3915100F99C48 /* Release */ = {
			isa = XCBuildConfiguration;
			buildSettings = {
				ASSETCATALOG_COMPILER_APPICON_NAME = AppIcon;
				ASSETCATALOG_COMPILER_GLOBAL_ACCENT_COLOR_NAME = AccentColor;
				CODE_SIGN_STYLE = Automatic;
				DEVELOPMENT_TEAM = FP8CB3BY93;
				INFOPLIST_FILE = "Chapter04-SideBarDIY/Info.plist";
				LD_RUNPATH_SEARCH_PATHS = (
					"$(inherited)",
					"@executable_path/Frameworks",
				);
				PRODUCT_BUNDLE_IDENTIFIER = "kr.velmash.Chapter04-SideBarDIY";
				PRODUCT_NAME = "$(TARGET_NAME)";
				SWIFT_VERSION = 5.0;
				TARGETED_DEVICE_FAMILY = 1;
			};
			name = Release;
		};
/* End XCBuildConfiguration section */

/* Begin XCConfigurationList section */
		3ABA026625C3914E00F99C48 /* Build configuration list for PBXProject "Chapter04-SideBarDIY" */ = {
			isa = XCConfigurationList;
			buildConfigurations = (
				3ABA027D25C3915100F99C48 /* Debug */,
				3ABA027E25C3915100F99C48 /* Release */,
			);
			defaultConfigurationIsVisible = 0;
			defaultConfigurationName = Release;
		};
		3ABA027F25C3915100F99C48 /* Build configuration list for PBXNativeTarget "Chapter04-SideBarDIY" */ = {
			isa = XCConfigurationList;
			buildConfigurations = (
				3ABA028025C3915100F99C48 /* Debug */,
				3ABA028125C3915100F99C48 /* Release */,
			);
			defaultConfigurationIsVisible = 0;
			defaultConfigurationName = Release;
		};
/* End XCConfigurationList section */
	};
	rootObject = 3ABA026325C3914E00F99C48 /* Project object */;
}
